
Microsoft Visual Studio Solution File, Format Version 12.00
# Visual Studio Version 16
VisualStudioVersion = 16.0.30104.148
MinimumVisualStudioVersion = 10.0.40219.1
Project("{2150E333-8FDC-42A3-9474-1A3956D46DE8}") = "1 week", "1 week", "{EAAABF25-B86B-4C21-A3F6-A2A3359F842D}"
EndProject
Project("{2150E333-8FDC-42A3-9474-1A3956D46DE8}") = "2 week", "2 week", "{23BF16D4-75FF-4834-B592-D0ED4F3BA78B}"
EndProject
Project("{2150E333-8FDC-42A3-9474-1A3956D46DE8}") = "white", "white", "{DF37F64C-27BD-4F73-B72E-7651484EA3D7}"
EndProject
Project("{8BC9CEB8-8B4A-11D0-8D11-00A0C91BC942}") = "№3 equation", "white\1 week\№3 equation\№3 equation.vcxproj", "{382D55D8-9FA1-4BF0-B46D-BEE024D3AB0A}"
EndProject
Project("{8BC9CEB8-8B4A-11D0-8D11-00A0C91BC942}") = "№2 minimal string", "white\1 week\№2 minimal string\№2 minimal string.vcxproj", "{D3419EE2-8B5D-4AD3-A674-6B77029585B4}"
EndProject
Project("{8BC9CEB8-8B4A-11D0-8D11-00A0C91BC942}") = "№8 GCD", "white\1 week\№8 GCD\№8 GCD.vcxproj", "{1F64EA26-522B-496D-818D-D0C9F8DBDFB8}"
EndProject
Project("{8BC9CEB8-8B4A-11D0-8D11-00A0C91BC942}") = "№7 second occurrence", "white\1 week\№7 second occurrence\№7 second occurrence.vcxproj", "{99BB4983-37F1-4E7A-A189-3D7C8C9153A4}"
EndProject
Project("{8BC9CEB8-8B4A-11D0-8D11-00A0C91BC942}") = "№4 division", "white\1 week\№4 division\№4 division.vcxproj", "{5E01F2F0-31BA-4125-B6AC-37BF57F5D698}"
EndProject
Project("{8BC9CEB8-8B4A-11D0-8D11-00A0C91BC942}") = "№1 A+B", "white\1 week\№1 A+B\№1 A+B.vcxproj", "{C8344167-88DE-486C-AEED-D753F380FCA0}"
EndProject
Project("{8BC9CEB8-8B4A-11D0-8D11-00A0C91BC942}") = "№5 cost", "white\1 week\№5 cost\№5 cost.vcxproj", "{5253CF5D-A371-47D5-8FB1-CFB94D4130A9}"
EndProject
Project("{8BC9CEB8-8B4A-11D0-8D11-00A0C91BC942}") = "№6 even number", "white\1 week\№6 even number\№6 even number.vcxproj", "{A719885B-88DC-4BA2-99B5-997582799959}"
EndProject
Project("{8BC9CEB8-8B4A-11D0-8D11-00A0C91BC942}") = "№9 bin number", "white\1 week\№9 bin number\№9 bin number.vcxproj", "{ACC053B6-4B02-478E-BC76-056D9E47899B}"
EndProject
Project("{8BC9CEB8-8B4A-11D0-8D11-00A0C91BC942}") = "№1 factorial", "white\2 week\№1 factorial\№1 factorial.vcxproj", "{1333A444-9881-409D-8634-77A6F016F5C5}"
EndProject
Project("{8BC9CEB8-8B4A-11D0-8D11-00A0C91BC942}") = "№2 palindrom", "white\2 week\№2 palindrom\№2 palindrom.vcxproj", "{9DA5DE94-0F22-4989-8B10-C3B1D84A33D5}"
EndProject
Project("{8BC9CEB8-8B4A-11D0-8D11-00A0C91BC942}") = "№3 selection palindroms", "white\2 week\№3 selection palindroms\№3 selection palindroms.vcxproj", "{102452CF-BAF8-4F10-AB8A-DC5A1FD42D9A}"
EndProject
Project("{8BC9CEB8-8B4A-11D0-8D11-00A0C91BC942}") = "№4 maximizer", "white\2 week\№4 maximizer\№4 maximizer.vcxproj", "{A22CF4AA-1286-4C1B-AB4F-5EC3BE534D18}"
EndProject
Project("{8BC9CEB8-8B4A-11D0-8D11-00A0C91BC942}") = "№5 move the strings", "white\2 week\№5 move the strings\№5 move the strings.vcxproj", "{F0BAB4C3-6008-441E-AC2E-CAB11BE68BEC}"
EndProject
Project("{8BC9CEB8-8B4A-11D0-8D11-00A0C91BC942}") = "№6 sequence reversal", "white\2 week\№6 sequence reversal\№6 sequence reversal.vcxproj", "{66BA9DB3-F5D7-4EF1-B228-B791C7C0B66F}"
EndProject
Project("{8BC9CEB8-8B4A-11D0-8D11-00A0C91BC942}") = "№7 sequence reversal 2", "white\2 week\№7 sequence reversal 2\№7 sequence reversal 2.vcxproj", "{FA1B446C-C2A4-4A72-BA39-17B1EB2C75D0}"
EndProject
Project("{8BC9CEB8-8B4A-11D0-8D11-00A0C91BC942}") = "№8 average temperature", "white\2 week\№8 average temperature\№8 average temperature.vcxproj", "{7BCCD9E0-BAB0-487E-A2C9-F4E5AD1F7C67}"
EndProject
Project("{8BC9CEB8-8B4A-11D0-8D11-00A0C91BC942}") = "№9 queue", "white\2 week\№9 queue\№9 queue.vcxproj", "{CE971850-5B61-4E55-B941-9AF383CBA4BD}"
EndProject
Project("{8BC9CEB8-8B4A-11D0-8D11-00A0C91BC942}") = "№I10 monthly cases", "white\2 week\№10 monthly cases\№10 monthly cases.vcxproj", "{C7752E4A-E782-49C5-BB55-0C57C9B4009A}"
EndProject
Project("{8BC9CEB8-8B4A-11D0-8D11-00A0C91BC942}") = "№I11 anagrams", "white\2 week\№11 anagrams\№11 anagrams.vcxproj", "{35C0FCDD-5ACD-4327-A50B-6BEDEE4F77D6}"
EndProject
Project("{8BC9CEB8-8B4A-11D0-8D11-00A0C91BC942}") = "№I12 guide", "white\2 week\№12 guide\№12 guide.vcxproj", "{A60E7E32-0319-4C91-9372-137FE8727662}"
EndProject
Project("{8BC9CEB8-8B4A-11D0-8D11-00A0C91BC942}") = "№I13 bus stop", "white\2 week\№13 bus stop\№13 bus stop.vcxproj", "{CEDBAD84-24EC-4980-91BB-A828FCBC02C5}"
EndProject
Project("{8BC9CEB8-8B4A-11D0-8D11-00A0C91BC942}") = "№I14 bus stop 2", "white\2 week\№14 bus stop 2\№14 bus stop 2.vcxproj", "{FF887FAB-4750-464F-8B4C-35CB5E7E5FB6}"
EndProject
Project("{8BC9CEB8-8B4A-11D0-8D11-00A0C91BC942}") = "№I15 unique strings", "white\2 week\№15 unique strings\№15 unique strings.vcxproj", "{AFF41928-B0CD-41BB-AC78-728487BEDF10}"
EndProject
Project("{8BC9CEB8-8B4A-11D0-8D11-00A0C91BC942}") = "№I16 set of values of the dictionary", "white\2 week\№16 set of values of the dictionary\№16 set of values of the dictionary.vcxproj", "{C001E4DB-6898-4F71-8761-7253FF86DF43}"
EndProject
Project("{8BC9CEB8-8B4A-11D0-8D11-00A0C91BC942}") = "№I17 synonyms", "white\2 week\№17 synonyms\№17 synonyms.vcxproj", "{D4E5E08A-CF2C-480A-AEA9-9E07EF6B39FC}"
EndProject
Project("{8BC9CEB8-8B4A-11D0-8D11-00A0C91BC942}") = "№I18 bus stop 3", "white\2 week\№18 bus stop 3\№18 bus stop 3.vcxproj", "{094695D7-5328-45A7-9C68-555C250DCC6C}"
EndProject
Project("{2150E333-8FDC-42A3-9474-1A3956D46DE8}") = "3 week", "3 week", "{32A9948B-09A2-4DEF-8CF2-D54D4E267AE6}"
EndProject
Project("{8BC9CEB8-8B4A-11D0-8D11-00A0C91BC942}") = "№1 int sort", "white\3 week\№1 int sort\№1 int sort.vcxproj", "{784F5762-C116-4829-B28D-9F38887E7925}"
EndProject
Project("{8BC9CEB8-8B4A-11D0-8D11-00A0C91BC942}") = "№2 sort without case", "white\3 week\№2 sort without case\№2 sort without case.vcxproj", "{05A55C53-DF0D-496E-A01E-D6BE3AA03E52}"
EndProject
Project("{8BC9CEB8-8B4A-11D0-8D11-00A0C91BC942}") = "№3 sorted strings", "white\3 week\№3 sorted strings\№3 sorted strings.vcxproj", "{5F4428FE-7F83-43AD-B0A4-815870DA413C}"
EndProject
Project("{8BC9CEB8-8B4A-11D0-8D11-00A0C91BC942}") = "№4 first and last names", "white\3 week\№4 first and last names\№4 first and last names.vcxproj", "{2EBAED47-3526-41EA-B172-C89FF6BF17B8}"
EndProject
Project("{8BC9CEB8-8B4A-11D0-8D11-00A0C91BC942}") = "№5 first and last names 2", "white\3 week\№5 first and last names 2\№5 first and last names 2.vcxproj", "{9FE61347-090F-44C8-B901-B7013E5B193E}"
EndProject
Project("{8BC9CEB8-8B4A-11D0-8D11-00A0C91BC942}") = "№6 string", "white\3 week\№6 string\№6 string.vcxproj", "{CB00C688-4936-4889-8798-568E51EDFA98}"
EndProject
Project("{8BC9CEB8-8B4A-11D0-8D11-00A0C91BC942}") = "№7 first and last names 3", "white\3 week\№7 first and last names 3\№7 first and last names 3.vcxproj", "{0A37660E-2B92-416E-8F7B-0E20BA933D0C}"
EndProject
Project("{8BC9CEB8-8B4A-11D0-8D11-00A0C91BC942}") = "№8 initialization", "white\3 week\№8 initialization\№8 initialization.vcxproj", "{C17E7D22-A753-4DF2-95B0-BF9A6F3FF0AC}"
EndProject
Project("{2150E333-8FDC-42A3-9474-1A3956D46DE8}") = "4 week", "4 week", "{C2D5862D-C6D6-451A-B9EE-52E7DA02F890}"
EndProject
Project("{8BC9CEB8-8B4A-11D0-8D11-00A0C91BC942}") = "№1 struct LectureTitle", "white\4 week\№1 struct LectureTitle\№1 struct LectureTitle.vcxproj", "{D55F414A-F8DE-4778-8E24-46B1293332BD}"
EndProject
Project("{8BC9CEB8-8B4A-11D0-8D11-00A0C91BC942}") = "№2 reverse function", "white\4 week\№2 reverse function\№2 reverse function.vcxproj", "{7C3BC523-E36D-4641-B6A9-17CE47904DBE}"
EndProject
Project("{8BC9CEB8-8B4A-11D0-8D11-00A0C91BC942}") = "№3 reverse function with multiplication and division", "white\4 week\№3 reverse function with multiplication and division\№3 reverse function with multiplication and division.vcxproj", "{B64079C6-B15C-4825-AA12-7E1A9E4C83A1}"
EndProject
Project("{8BC9CEB8-8B4A-11D0-8D11-00A0C91BC942}") = "№4 work with files", "white\4 week\№4 work with files\№4 work with files.vcxproj", "{1A1C011E-19E1-4A91-8DA6-D0EBDA29CFD4}"
EndProject
Project("{8BC9CEB8-8B4A-11D0-8D11-00A0C91BC942}") = "№5 accurate output", "white\4 week\№5 accurate output\№5 accurate output.vcxproj", "{3B5287F4-8D5E-4CB7-81D7-59BC36C3C614}"
EndProject
Project("{8BC9CEB8-8B4A-11D0-8D11-00A0C91BC942}") = "№6 reading and outputting a table", "white\4 week\№6 reading and outputting a table\№6 reading and outputting a table.vcxproj", "{57756D83-9FAE-4854-8BEF-391EB307B185}"
EndProject
Project("{8BC9CEB8-8B4A-11D0-8D11-00A0C91BC942}") = "№7 list of students", "white\4 week\№7 list of students\№7 list of students.vcxproj", "{E97652CC-0F04-45B0-9267-CD06085F661F}"
EndProject
Project("{8BC9CEB8-8B4A-11D0-8D11-00A0C91BC942}") = "№8 class rational", "white\4 week\№8 class rational\№8 class rational.vcxproj", "{9E70703A-F331-4ACA-82ED-33E697F71F1E}"
EndProject
Project("{8BC9CEB8-8B4A-11D0-8D11-00A0C91BC942}") = "№9 function EnsureEqual", "white\4 week\№9 function EnsureEqual\№9 function EnsureEqual.vcxproj", "{0B61EA54-7F00-4DDB-AB23-EC7A0D5A5373}"
EndProject
Project("{8BC9CEB8-8B4A-11D0-8D11-00A0C91BC942}") = "№I10 class rational 2.0", "white\4 week\№10 class rational 2.0\№10 class rational 2.0.vcxproj", "{24AB9301-CA91-40F3-88D3-67AE633A1BB2}"
EndProject
Project("{8BC9CEB8-8B4A-11D0-8D11-00A0C91BC942}") = "№I11 calculator of common fractions", "white\4 week\№11 calculator of common fractions\№11 calculator of common fractions.vcxproj", "{86AC148B-80B7-4C08-ABA9-369CCCEB978C}"
EndProject
Project("{8BC9CEB8-8B4A-11D0-8D11-00A0C91BC942}") = "№I12 time server", "white\4 week\№12 time server\№12 time server.vcxproj", "{27355D85-AC17-424B-8AF8-338829A8ECC1}"
EndProject
Project("{8BC9CEB8-8B4A-11D0-8D11-00A0C91BC942}") = "Final task of white course", "white\Final task of white course\Final task of white course.vcxproj", "{9FDE874E-2DAA-4351-92D1-9F69CAD4B9E2}"
EndProject
Project("{2150E333-8FDC-42A3-9474-1A3956D46DE8}") = "yellow", "yellow", "{070935BD-9051-4A0A-869F-F5179FF7E103}"
EndProject
Project("{2150E333-8FDC-42A3-9474-1A3956D46DE8}") = "1 week", "1 week", "{8361FB49-F380-42C7-87D7-B857DB839FF8}"
EndProject
Project("{8BC9CEB8-8B4A-11D0-8D11-00A0C91BC942}") = "№1 matrix sum", "yellow\1 week\№1 matrix sum\№1 matrix sum.vcxproj", "{D138F9D0-9A9D-4541-A3C2-7E8E98C24683}"
EndProject
Project("{8BC9CEB8-8B4A-11D0-8D11-00A0C91BC942}") = "№2 average temperature", "yellow\1 week\№2 average temperature\№2 average temperature.vcxproj", "{438668FB-3A67-4D06-A9DB-D7338158EB07}"
EndProject
Project("{8BC9CEB8-8B4A-11D0-8D11-00A0C91BC942}") = "№3 weight of blocks", "yellow\1 week\№3 weight of blocks\№3 weight of blocks.vcxproj", "{DBD4FAC9-A0F2-4081-99FA-07084E7BEC8C}"
EndProject
Global
	GlobalSection(SolutionConfigurationPlatforms) = preSolution
		Debug|x64 = Debug|x64
		Debug|x86 = Debug|x86
		Release|x64 = Release|x64
		Release|x86 = Release|x86
	EndGlobalSection
	GlobalSection(ProjectConfigurationPlatforms) = postSolution
		{382D55D8-9FA1-4BF0-B46D-BEE024D3AB0A}.Debug|x64.ActiveCfg = Debug|x64
		{382D55D8-9FA1-4BF0-B46D-BEE024D3AB0A}.Debug|x64.Build.0 = Debug|x64
		{382D55D8-9FA1-4BF0-B46D-BEE024D3AB0A}.Debug|x86.ActiveCfg = Debug|Win32
		{382D55D8-9FA1-4BF0-B46D-BEE024D3AB0A}.Debug|x86.Build.0 = Debug|Win32
		{382D55D8-9FA1-4BF0-B46D-BEE024D3AB0A}.Release|x64.ActiveCfg = Release|x64
		{382D55D8-9FA1-4BF0-B46D-BEE024D3AB0A}.Release|x64.Build.0 = Release|x64
		{382D55D8-9FA1-4BF0-B46D-BEE024D3AB0A}.Release|x86.ActiveCfg = Release|Win32
		{382D55D8-9FA1-4BF0-B46D-BEE024D3AB0A}.Release|x86.Build.0 = Release|Win32
		{D3419EE2-8B5D-4AD3-A674-6B77029585B4}.Debug|x64.ActiveCfg = Debug|x64
		{D3419EE2-8B5D-4AD3-A674-6B77029585B4}.Debug|x64.Build.0 = Debug|x64
		{D3419EE2-8B5D-4AD3-A674-6B77029585B4}.Debug|x86.ActiveCfg = Debug|Win32
		{D3419EE2-8B5D-4AD3-A674-6B77029585B4}.Debug|x86.Build.0 = Debug|Win32
		{D3419EE2-8B5D-4AD3-A674-6B77029585B4}.Release|x64.ActiveCfg = Release|x64
		{D3419EE2-8B5D-4AD3-A674-6B77029585B4}.Release|x64.Build.0 = Release|x64
		{D3419EE2-8B5D-4AD3-A674-6B77029585B4}.Release|x86.ActiveCfg = Release|Win32
		{D3419EE2-8B5D-4AD3-A674-6B77029585B4}.Release|x86.Build.0 = Release|Win32
		{1F64EA26-522B-496D-818D-D0C9F8DBDFB8}.Debug|x64.ActiveCfg = Debug|x64
		{1F64EA26-522B-496D-818D-D0C9F8DBDFB8}.Debug|x64.Build.0 = Debug|x64
		{1F64EA26-522B-496D-818D-D0C9F8DBDFB8}.Debug|x86.ActiveCfg = Debug|Win32
		{1F64EA26-522B-496D-818D-D0C9F8DBDFB8}.Debug|x86.Build.0 = Debug|Win32
		{1F64EA26-522B-496D-818D-D0C9F8DBDFB8}.Release|x64.ActiveCfg = Release|x64
		{1F64EA26-522B-496D-818D-D0C9F8DBDFB8}.Release|x64.Build.0 = Release|x64
		{1F64EA26-522B-496D-818D-D0C9F8DBDFB8}.Release|x86.ActiveCfg = Release|Win32
		{1F64EA26-522B-496D-818D-D0C9F8DBDFB8}.Release|x86.Build.0 = Release|Win32
		{99BB4983-37F1-4E7A-A189-3D7C8C9153A4}.Debug|x64.ActiveCfg = Debug|x64
		{99BB4983-37F1-4E7A-A189-3D7C8C9153A4}.Debug|x64.Build.0 = Debug|x64
		{99BB4983-37F1-4E7A-A189-3D7C8C9153A4}.Debug|x86.ActiveCfg = Debug|Win32
		{99BB4983-37F1-4E7A-A189-3D7C8C9153A4}.Debug|x86.Build.0 = Debug|Win32
		{99BB4983-37F1-4E7A-A189-3D7C8C9153A4}.Release|x64.ActiveCfg = Release|x64
		{99BB4983-37F1-4E7A-A189-3D7C8C9153A4}.Release|x64.Build.0 = Release|x64
		{99BB4983-37F1-4E7A-A189-3D7C8C9153A4}.Release|x86.ActiveCfg = Release|Win32
		{99BB4983-37F1-4E7A-A189-3D7C8C9153A4}.Release|x86.Build.0 = Release|Win32
		{5E01F2F0-31BA-4125-B6AC-37BF57F5D698}.Debug|x64.ActiveCfg = Debug|x64
		{5E01F2F0-31BA-4125-B6AC-37BF57F5D698}.Debug|x64.Build.0 = Debug|x64
		{5E01F2F0-31BA-4125-B6AC-37BF57F5D698}.Debug|x86.ActiveCfg = Debug|Win32
		{5E01F2F0-31BA-4125-B6AC-37BF57F5D698}.Debug|x86.Build.0 = Debug|Win32
		{5E01F2F0-31BA-4125-B6AC-37BF57F5D698}.Release|x64.ActiveCfg = Release|x64
		{5E01F2F0-31BA-4125-B6AC-37BF57F5D698}.Release|x64.Build.0 = Release|x64
		{5E01F2F0-31BA-4125-B6AC-37BF57F5D698}.Release|x86.ActiveCfg = Release|Win32
		{5E01F2F0-31BA-4125-B6AC-37BF57F5D698}.Release|x86.Build.0 = Release|Win32
		{C8344167-88DE-486C-AEED-D753F380FCA0}.Debug|x64.ActiveCfg = Debug|x64
		{C8344167-88DE-486C-AEED-D753F380FCA0}.Debug|x64.Build.0 = Debug|x64
		{C8344167-88DE-486C-AEED-D753F380FCA0}.Debug|x86.ActiveCfg = Debug|Win32
		{C8344167-88DE-486C-AEED-D753F380FCA0}.Debug|x86.Build.0 = Debug|Win32
		{C8344167-88DE-486C-AEED-D753F380FCA0}.Release|x64.ActiveCfg = Release|x64
		{C8344167-88DE-486C-AEED-D753F380FCA0}.Release|x64.Build.0 = Release|x64
		{C8344167-88DE-486C-AEED-D753F380FCA0}.Release|x86.ActiveCfg = Release|Win32
		{C8344167-88DE-486C-AEED-D753F380FCA0}.Release|x86.Build.0 = Release|Win32
		{5253CF5D-A371-47D5-8FB1-CFB94D4130A9}.Debug|x64.ActiveCfg = Debug|x64
		{5253CF5D-A371-47D5-8FB1-CFB94D4130A9}.Debug|x64.Build.0 = Debug|x64
		{5253CF5D-A371-47D5-8FB1-CFB94D4130A9}.Debug|x86.ActiveCfg = Debug|Win32
		{5253CF5D-A371-47D5-8FB1-CFB94D4130A9}.Debug|x86.Build.0 = Debug|Win32
		{5253CF5D-A371-47D5-8FB1-CFB94D4130A9}.Release|x64.ActiveCfg = Release|x64
		{5253CF5D-A371-47D5-8FB1-CFB94D4130A9}.Release|x64.Build.0 = Release|x64
		{5253CF5D-A371-47D5-8FB1-CFB94D4130A9}.Release|x86.ActiveCfg = Release|Win32
		{5253CF5D-A371-47D5-8FB1-CFB94D4130A9}.Release|x86.Build.0 = Release|Win32
		{A719885B-88DC-4BA2-99B5-997582799959}.Debug|x64.ActiveCfg = Debug|x64
		{A719885B-88DC-4BA2-99B5-997582799959}.Debug|x64.Build.0 = Debug|x64
		{A719885B-88DC-4BA2-99B5-997582799959}.Debug|x86.ActiveCfg = Debug|Win32
		{A719885B-88DC-4BA2-99B5-997582799959}.Debug|x86.Build.0 = Debug|Win32
		{A719885B-88DC-4BA2-99B5-997582799959}.Release|x64.ActiveCfg = Release|x64
		{A719885B-88DC-4BA2-99B5-997582799959}.Release|x64.Build.0 = Release|x64
		{A719885B-88DC-4BA2-99B5-997582799959}.Release|x86.ActiveCfg = Release|Win32
		{A719885B-88DC-4BA2-99B5-997582799959}.Release|x86.Build.0 = Release|Win32
		{ACC053B6-4B02-478E-BC76-056D9E47899B}.Debug|x64.ActiveCfg = Debug|x64
		{ACC053B6-4B02-478E-BC76-056D9E47899B}.Debug|x64.Build.0 = Debug|x64
		{ACC053B6-4B02-478E-BC76-056D9E47899B}.Debug|x86.ActiveCfg = Debug|Win32
		{ACC053B6-4B02-478E-BC76-056D9E47899B}.Debug|x86.Build.0 = Debug|Win32
		{ACC053B6-4B02-478E-BC76-056D9E47899B}.Release|x64.ActiveCfg = Release|x64
		{ACC053B6-4B02-478E-BC76-056D9E47899B}.Release|x64.Build.0 = Release|x64
		{ACC053B6-4B02-478E-BC76-056D9E47899B}.Release|x86.ActiveCfg = Release|Win32
		{ACC053B6-4B02-478E-BC76-056D9E47899B}.Release|x86.Build.0 = Release|Win32
		{1333A444-9881-409D-8634-77A6F016F5C5}.Debug|x64.ActiveCfg = Debug|x64
		{1333A444-9881-409D-8634-77A6F016F5C5}.Debug|x64.Build.0 = Debug|x64
		{1333A444-9881-409D-8634-77A6F016F5C5}.Debug|x86.ActiveCfg = Debug|Win32
		{1333A444-9881-409D-8634-77A6F016F5C5}.Debug|x86.Build.0 = Debug|Win32
		{1333A444-9881-409D-8634-77A6F016F5C5}.Release|x64.ActiveCfg = Release|x64
		{1333A444-9881-409D-8634-77A6F016F5C5}.Release|x64.Build.0 = Release|x64
		{1333A444-9881-409D-8634-77A6F016F5C5}.Release|x86.ActiveCfg = Release|Win32
		{1333A444-9881-409D-8634-77A6F016F5C5}.Release|x86.Build.0 = Release|Win32
		{9DA5DE94-0F22-4989-8B10-C3B1D84A33D5}.Debug|x64.ActiveCfg = Debug|x64
		{9DA5DE94-0F22-4989-8B10-C3B1D84A33D5}.Debug|x64.Build.0 = Debug|x64
		{9DA5DE94-0F22-4989-8B10-C3B1D84A33D5}.Debug|x86.ActiveCfg = Debug|Win32
		{9DA5DE94-0F22-4989-8B10-C3B1D84A33D5}.Debug|x86.Build.0 = Debug|Win32
		{9DA5DE94-0F22-4989-8B10-C3B1D84A33D5}.Release|x64.ActiveCfg = Release|x64
		{9DA5DE94-0F22-4989-8B10-C3B1D84A33D5}.Release|x64.Build.0 = Release|x64
		{9DA5DE94-0F22-4989-8B10-C3B1D84A33D5}.Release|x86.ActiveCfg = Release|Win32
		{9DA5DE94-0F22-4989-8B10-C3B1D84A33D5}.Release|x86.Build.0 = Release|Win32
		{102452CF-BAF8-4F10-AB8A-DC5A1FD42D9A}.Debug|x64.ActiveCfg = Debug|x64
		{102452CF-BAF8-4F10-AB8A-DC5A1FD42D9A}.Debug|x64.Build.0 = Debug|x64
		{102452CF-BAF8-4F10-AB8A-DC5A1FD42D9A}.Debug|x86.ActiveCfg = Debug|Win32
		{102452CF-BAF8-4F10-AB8A-DC5A1FD42D9A}.Debug|x86.Build.0 = Debug|Win32
		{102452CF-BAF8-4F10-AB8A-DC5A1FD42D9A}.Release|x64.ActiveCfg = Release|x64
		{102452CF-BAF8-4F10-AB8A-DC5A1FD42D9A}.Release|x64.Build.0 = Release|x64
		{102452CF-BAF8-4F10-AB8A-DC5A1FD42D9A}.Release|x86.ActiveCfg = Release|Win32
		{102452CF-BAF8-4F10-AB8A-DC5A1FD42D9A}.Release|x86.Build.0 = Release|Win32
		{A22CF4AA-1286-4C1B-AB4F-5EC3BE534D18}.Debug|x64.ActiveCfg = Debug|x64
		{A22CF4AA-1286-4C1B-AB4F-5EC3BE534D18}.Debug|x64.Build.0 = Debug|x64
		{A22CF4AA-1286-4C1B-AB4F-5EC3BE534D18}.Debug|x86.ActiveCfg = Debug|Win32
		{A22CF4AA-1286-4C1B-AB4F-5EC3BE534D18}.Debug|x86.Build.0 = Debug|Win32
		{A22CF4AA-1286-4C1B-AB4F-5EC3BE534D18}.Release|x64.ActiveCfg = Release|x64
		{A22CF4AA-1286-4C1B-AB4F-5EC3BE534D18}.Release|x64.Build.0 = Release|x64
		{A22CF4AA-1286-4C1B-AB4F-5EC3BE534D18}.Release|x86.ActiveCfg = Release|Win32
		{A22CF4AA-1286-4C1B-AB4F-5EC3BE534D18}.Release|x86.Build.0 = Release|Win32
		{F0BAB4C3-6008-441E-AC2E-CAB11BE68BEC}.Debug|x64.ActiveCfg = Debug|x64
		{F0BAB4C3-6008-441E-AC2E-CAB11BE68BEC}.Debug|x64.Build.0 = Debug|x64
		{F0BAB4C3-6008-441E-AC2E-CAB11BE68BEC}.Debug|x86.ActiveCfg = Debug|Win32
		{F0BAB4C3-6008-441E-AC2E-CAB11BE68BEC}.Debug|x86.Build.0 = Debug|Win32
		{F0BAB4C3-6008-441E-AC2E-CAB11BE68BEC}.Release|x64.ActiveCfg = Release|x64
		{F0BAB4C3-6008-441E-AC2E-CAB11BE68BEC}.Release|x64.Build.0 = Release|x64
		{F0BAB4C3-6008-441E-AC2E-CAB11BE68BEC}.Release|x86.ActiveCfg = Release|Win32
		{F0BAB4C3-6008-441E-AC2E-CAB11BE68BEC}.Release|x86.Build.0 = Release|Win32
		{66BA9DB3-F5D7-4EF1-B228-B791C7C0B66F}.Debug|x64.ActiveCfg = Debug|x64
		{66BA9DB3-F5D7-4EF1-B228-B791C7C0B66F}.Debug|x64.Build.0 = Debug|x64
		{66BA9DB3-F5D7-4EF1-B228-B791C7C0B66F}.Debug|x86.ActiveCfg = Debug|Win32
		{66BA9DB3-F5D7-4EF1-B228-B791C7C0B66F}.Debug|x86.Build.0 = Debug|Win32
		{66BA9DB3-F5D7-4EF1-B228-B791C7C0B66F}.Release|x64.ActiveCfg = Release|x64
		{66BA9DB3-F5D7-4EF1-B228-B791C7C0B66F}.Release|x64.Build.0 = Release|x64
		{66BA9DB3-F5D7-4EF1-B228-B791C7C0B66F}.Release|x86.ActiveCfg = Release|Win32
		{66BA9DB3-F5D7-4EF1-B228-B791C7C0B66F}.Release|x86.Build.0 = Release|Win32
		{FA1B446C-C2A4-4A72-BA39-17B1EB2C75D0}.Debug|x64.ActiveCfg = Debug|x64
		{FA1B446C-C2A4-4A72-BA39-17B1EB2C75D0}.Debug|x64.Build.0 = Debug|x64
		{FA1B446C-C2A4-4A72-BA39-17B1EB2C75D0}.Debug|x86.ActiveCfg = Debug|Win32
		{FA1B446C-C2A4-4A72-BA39-17B1EB2C75D0}.Debug|x86.Build.0 = Debug|Win32
		{FA1B446C-C2A4-4A72-BA39-17B1EB2C75D0}.Release|x64.ActiveCfg = Release|x64
		{FA1B446C-C2A4-4A72-BA39-17B1EB2C75D0}.Release|x64.Build.0 = Release|x64
		{FA1B446C-C2A4-4A72-BA39-17B1EB2C75D0}.Release|x86.ActiveCfg = Release|Win32
		{FA1B446C-C2A4-4A72-BA39-17B1EB2C75D0}.Release|x86.Build.0 = Release|Win32
		{7BCCD9E0-BAB0-487E-A2C9-F4E5AD1F7C67}.Debug|x64.ActiveCfg = Debug|x64
		{7BCCD9E0-BAB0-487E-A2C9-F4E5AD1F7C67}.Debug|x64.Build.0 = Debug|x64
		{7BCCD9E0-BAB0-487E-A2C9-F4E5AD1F7C67}.Debug|x86.ActiveCfg = Debug|Win32
		{7BCCD9E0-BAB0-487E-A2C9-F4E5AD1F7C67}.Debug|x86.Build.0 = Debug|Win32
		{7BCCD9E0-BAB0-487E-A2C9-F4E5AD1F7C67}.Release|x64.ActiveCfg = Release|x64
		{7BCCD9E0-BAB0-487E-A2C9-F4E5AD1F7C67}.Release|x64.Build.0 = Release|x64
		{7BCCD9E0-BAB0-487E-A2C9-F4E5AD1F7C67}.Release|x86.ActiveCfg = Release|Win32
		{7BCCD9E0-BAB0-487E-A2C9-F4E5AD1F7C67}.Release|x86.Build.0 = Release|Win32
		{CE971850-5B61-4E55-B941-9AF383CBA4BD}.Debug|x64.ActiveCfg = Debug|x64
		{CE971850-5B61-4E55-B941-9AF383CBA4BD}.Debug|x64.Build.0 = Debug|x64
		{CE971850-5B61-4E55-B941-9AF383CBA4BD}.Debug|x86.ActiveCfg = Debug|Win32
		{CE971850-5B61-4E55-B941-9AF383CBA4BD}.Debug|x86.Build.0 = Debug|Win32
		{CE971850-5B61-4E55-B941-9AF383CBA4BD}.Release|x64.ActiveCfg = Release|x64
		{CE971850-5B61-4E55-B941-9AF383CBA4BD}.Release|x64.Build.0 = Release|x64
		{CE971850-5B61-4E55-B941-9AF383CBA4BD}.Release|x86.ActiveCfg = Release|Win32
		{CE971850-5B61-4E55-B941-9AF383CBA4BD}.Release|x86.Build.0 = Release|Win32
		{C7752E4A-E782-49C5-BB55-0C57C9B4009A}.Debug|x64.ActiveCfg = Debug|x64
		{C7752E4A-E782-49C5-BB55-0C57C9B4009A}.Debug|x64.Build.0 = Debug|x64
		{C7752E4A-E782-49C5-BB55-0C57C9B4009A}.Debug|x86.ActiveCfg = Debug|Win32
		{C7752E4A-E782-49C5-BB55-0C57C9B4009A}.Debug|x86.Build.0 = Debug|Win32
		{C7752E4A-E782-49C5-BB55-0C57C9B4009A}.Release|x64.ActiveCfg = Release|x64
		{C7752E4A-E782-49C5-BB55-0C57C9B4009A}.Release|x64.Build.0 = Release|x64
		{C7752E4A-E782-49C5-BB55-0C57C9B4009A}.Release|x86.ActiveCfg = Release|Win32
		{C7752E4A-E782-49C5-BB55-0C57C9B4009A}.Release|x86.Build.0 = Release|Win32
		{35C0FCDD-5ACD-4327-A50B-6BEDEE4F77D6}.Debug|x64.ActiveCfg = Debug|x64
		{35C0FCDD-5ACD-4327-A50B-6BEDEE4F77D6}.Debug|x64.Build.0 = Debug|x64
		{35C0FCDD-5ACD-4327-A50B-6BEDEE4F77D6}.Debug|x86.ActiveCfg = Debug|Win32
		{35C0FCDD-5ACD-4327-A50B-6BEDEE4F77D6}.Debug|x86.Build.0 = Debug|Win32
		{35C0FCDD-5ACD-4327-A50B-6BEDEE4F77D6}.Release|x64.ActiveCfg = Release|x64
		{35C0FCDD-5ACD-4327-A50B-6BEDEE4F77D6}.Release|x64.Build.0 = Release|x64
		{35C0FCDD-5ACD-4327-A50B-6BEDEE4F77D6}.Release|x86.ActiveCfg = Release|Win32
		{35C0FCDD-5ACD-4327-A50B-6BEDEE4F77D6}.Release|x86.Build.0 = Release|Win32
		{A60E7E32-0319-4C91-9372-137FE8727662}.Debug|x64.ActiveCfg = Debug|x64
		{A60E7E32-0319-4C91-9372-137FE8727662}.Debug|x64.Build.0 = Debug|x64
		{A60E7E32-0319-4C91-9372-137FE8727662}.Debug|x86.ActiveCfg = Debug|Win32
		{A60E7E32-0319-4C91-9372-137FE8727662}.Debug|x86.Build.0 = Debug|Win32
		{A60E7E32-0319-4C91-9372-137FE8727662}.Release|x64.ActiveCfg = Release|x64
		{A60E7E32-0319-4C91-9372-137FE8727662}.Release|x64.Build.0 = Release|x64
		{A60E7E32-0319-4C91-9372-137FE8727662}.Release|x86.ActiveCfg = Release|Win32
		{A60E7E32-0319-4C91-9372-137FE8727662}.Release|x86.Build.0 = Release|Win32
		{CEDBAD84-24EC-4980-91BB-A828FCBC02C5}.Debug|x64.ActiveCfg = Debug|x64
		{CEDBAD84-24EC-4980-91BB-A828FCBC02C5}.Debug|x64.Build.0 = Debug|x64
		{CEDBAD84-24EC-4980-91BB-A828FCBC02C5}.Debug|x86.ActiveCfg = Debug|Win32
		{CEDBAD84-24EC-4980-91BB-A828FCBC02C5}.Debug|x86.Build.0 = Debug|Win32
		{CEDBAD84-24EC-4980-91BB-A828FCBC02C5}.Release|x64.ActiveCfg = Release|x64
		{CEDBAD84-24EC-4980-91BB-A828FCBC02C5}.Release|x64.Build.0 = Release|x64
		{CEDBAD84-24EC-4980-91BB-A828FCBC02C5}.Release|x86.ActiveCfg = Release|Win32
		{CEDBAD84-24EC-4980-91BB-A828FCBC02C5}.Release|x86.Build.0 = Release|Win32
		{FF887FAB-4750-464F-8B4C-35CB5E7E5FB6}.Debug|x64.ActiveCfg = Debug|x64
		{FF887FAB-4750-464F-8B4C-35CB5E7E5FB6}.Debug|x64.Build.0 = Debug|x64
		{FF887FAB-4750-464F-8B4C-35CB5E7E5FB6}.Debug|x86.ActiveCfg = Debug|Win32
		{FF887FAB-4750-464F-8B4C-35CB5E7E5FB6}.Debug|x86.Build.0 = Debug|Win32
		{FF887FAB-4750-464F-8B4C-35CB5E7E5FB6}.Release|x64.ActiveCfg = Release|x64
		{FF887FAB-4750-464F-8B4C-35CB5E7E5FB6}.Release|x64.Build.0 = Release|x64
		{FF887FAB-4750-464F-8B4C-35CB5E7E5FB6}.Release|x86.ActiveCfg = Release|Win32
		{FF887FAB-4750-464F-8B4C-35CB5E7E5FB6}.Release|x86.Build.0 = Release|Win32
		{AFF41928-B0CD-41BB-AC78-728487BEDF10}.Debug|x64.ActiveCfg = Debug|x64
		{AFF41928-B0CD-41BB-AC78-728487BEDF10}.Debug|x64.Build.0 = Debug|x64
		{AFF41928-B0CD-41BB-AC78-728487BEDF10}.Debug|x86.ActiveCfg = Debug|Win32
		{AFF41928-B0CD-41BB-AC78-728487BEDF10}.Debug|x86.Build.0 = Debug|Win32
		{AFF41928-B0CD-41BB-AC78-728487BEDF10}.Release|x64.ActiveCfg = Release|x64
		{AFF41928-B0CD-41BB-AC78-728487BEDF10}.Release|x64.Build.0 = Release|x64
		{AFF41928-B0CD-41BB-AC78-728487BEDF10}.Release|x86.ActiveCfg = Release|Win32
		{AFF41928-B0CD-41BB-AC78-728487BEDF10}.Release|x86.Build.0 = Release|Win32
		{C001E4DB-6898-4F71-8761-7253FF86DF43}.Debug|x64.ActiveCfg = Debug|x64
		{C001E4DB-6898-4F71-8761-7253FF86DF43}.Debug|x64.Build.0 = Debug|x64
		{C001E4DB-6898-4F71-8761-7253FF86DF43}.Debug|x86.ActiveCfg = Debug|Win32
		{C001E4DB-6898-4F71-8761-7253FF86DF43}.Debug|x86.Build.0 = Debug|Win32
		{C001E4DB-6898-4F71-8761-7253FF86DF43}.Release|x64.ActiveCfg = Release|x64
		{C001E4DB-6898-4F71-8761-7253FF86DF43}.Release|x64.Build.0 = Release|x64
		{C001E4DB-6898-4F71-8761-7253FF86DF43}.Release|x86.ActiveCfg = Release|Win32
		{C001E4DB-6898-4F71-8761-7253FF86DF43}.Release|x86.Build.0 = Release|Win32
		{D4E5E08A-CF2C-480A-AEA9-9E07EF6B39FC}.Debug|x64.ActiveCfg = Debug|x64
		{D4E5E08A-CF2C-480A-AEA9-9E07EF6B39FC}.Debug|x64.Build.0 = Debug|x64
		{D4E5E08A-CF2C-480A-AEA9-9E07EF6B39FC}.Debug|x86.ActiveCfg = Debug|Win32
		{D4E5E08A-CF2C-480A-AEA9-9E07EF6B39FC}.Debug|x86.Build.0 = Debug|Win32
		{D4E5E08A-CF2C-480A-AEA9-9E07EF6B39FC}.Release|x64.ActiveCfg = Release|x64
		{D4E5E08A-CF2C-480A-AEA9-9E07EF6B39FC}.Release|x64.Build.0 = Release|x64
		{D4E5E08A-CF2C-480A-AEA9-9E07EF6B39FC}.Release|x86.ActiveCfg = Release|Win32
		{D4E5E08A-CF2C-480A-AEA9-9E07EF6B39FC}.Release|x86.Build.0 = Release|Win32
		{094695D7-5328-45A7-9C68-555C250DCC6C}.Debug|x64.ActiveCfg = Debug|x64
		{094695D7-5328-45A7-9C68-555C250DCC6C}.Debug|x64.Build.0 = Debug|x64
		{094695D7-5328-45A7-9C68-555C250DCC6C}.Debug|x86.ActiveCfg = Debug|Win32
		{094695D7-5328-45A7-9C68-555C250DCC6C}.Debug|x86.Build.0 = Debug|Win32
		{094695D7-5328-45A7-9C68-555C250DCC6C}.Release|x64.ActiveCfg = Release|x64
		{094695D7-5328-45A7-9C68-555C250DCC6C}.Release|x64.Build.0 = Release|x64
		{094695D7-5328-45A7-9C68-555C250DCC6C}.Release|x86.ActiveCfg = Release|Win32
		{094695D7-5328-45A7-9C68-555C250DCC6C}.Release|x86.Build.0 = Release|Win32
		{784F5762-C116-4829-B28D-9F38887E7925}.Debug|x64.ActiveCfg = Debug|x64
		{784F5762-C116-4829-B28D-9F38887E7925}.Debug|x64.Build.0 = Debug|x64
		{784F5762-C116-4829-B28D-9F38887E7925}.Debug|x86.ActiveCfg = Debug|Win32
		{784F5762-C116-4829-B28D-9F38887E7925}.Debug|x86.Build.0 = Debug|Win32
		{784F5762-C116-4829-B28D-9F38887E7925}.Release|x64.ActiveCfg = Release|x64
		{784F5762-C116-4829-B28D-9F38887E7925}.Release|x64.Build.0 = Release|x64
		{784F5762-C116-4829-B28D-9F38887E7925}.Release|x86.ActiveCfg = Release|Win32
		{784F5762-C116-4829-B28D-9F38887E7925}.Release|x86.Build.0 = Release|Win32
		{05A55C53-DF0D-496E-A01E-D6BE3AA03E52}.Debug|x64.ActiveCfg = Debug|x64
		{05A55C53-DF0D-496E-A01E-D6BE3AA03E52}.Debug|x64.Build.0 = Debug|x64
		{05A55C53-DF0D-496E-A01E-D6BE3AA03E52}.Debug|x86.ActiveCfg = Debug|Win32
		{05A55C53-DF0D-496E-A01E-D6BE3AA03E52}.Debug|x86.Build.0 = Debug|Win32
		{05A55C53-DF0D-496E-A01E-D6BE3AA03E52}.Release|x64.ActiveCfg = Release|x64
		{05A55C53-DF0D-496E-A01E-D6BE3AA03E52}.Release|x64.Build.0 = Release|x64
		{05A55C53-DF0D-496E-A01E-D6BE3AA03E52}.Release|x86.ActiveCfg = Release|Win32
		{05A55C53-DF0D-496E-A01E-D6BE3AA03E52}.Release|x86.Build.0 = Release|Win32
		{5F4428FE-7F83-43AD-B0A4-815870DA413C}.Debug|x64.ActiveCfg = Debug|x64
		{5F4428FE-7F83-43AD-B0A4-815870DA413C}.Debug|x64.Build.0 = Debug|x64
		{5F4428FE-7F83-43AD-B0A4-815870DA413C}.Debug|x86.ActiveCfg = Debug|Win32
		{5F4428FE-7F83-43AD-B0A4-815870DA413C}.Debug|x86.Build.0 = Debug|Win32
		{5F4428FE-7F83-43AD-B0A4-815870DA413C}.Release|x64.ActiveCfg = Release|x64
		{5F4428FE-7F83-43AD-B0A4-815870DA413C}.Release|x64.Build.0 = Release|x64
		{5F4428FE-7F83-43AD-B0A4-815870DA413C}.Release|x86.ActiveCfg = Release|Win32
		{5F4428FE-7F83-43AD-B0A4-815870DA413C}.Release|x86.Build.0 = Release|Win32
		{2EBAED47-3526-41EA-B172-C89FF6BF17B8}.Debug|x64.ActiveCfg = Debug|x64
		{2EBAED47-3526-41EA-B172-C89FF6BF17B8}.Debug|x64.Build.0 = Debug|x64
		{2EBAED47-3526-41EA-B172-C89FF6BF17B8}.Debug|x86.ActiveCfg = Debug|Win32
		{2EBAED47-3526-41EA-B172-C89FF6BF17B8}.Debug|x86.Build.0 = Debug|Win32
		{2EBAED47-3526-41EA-B172-C89FF6BF17B8}.Release|x64.ActiveCfg = Release|x64
		{2EBAED47-3526-41EA-B172-C89FF6BF17B8}.Release|x64.Build.0 = Release|x64
		{2EBAED47-3526-41EA-B172-C89FF6BF17B8}.Release|x86.ActiveCfg = Release|Win32
		{2EBAED47-3526-41EA-B172-C89FF6BF17B8}.Release|x86.Build.0 = Release|Win32
		{9FE61347-090F-44C8-B901-B7013E5B193E}.Debug|x64.ActiveCfg = Debug|x64
		{9FE61347-090F-44C8-B901-B7013E5B193E}.Debug|x64.Build.0 = Debug|x64
		{9FE61347-090F-44C8-B901-B7013E5B193E}.Debug|x86.ActiveCfg = Debug|Win32
		{9FE61347-090F-44C8-B901-B7013E5B193E}.Debug|x86.Build.0 = Debug|Win32
		{9FE61347-090F-44C8-B901-B7013E5B193E}.Release|x64.ActiveCfg = Release|x64
		{9FE61347-090F-44C8-B901-B7013E5B193E}.Release|x64.Build.0 = Release|x64
		{9FE61347-090F-44C8-B901-B7013E5B193E}.Release|x86.ActiveCfg = Release|Win32
		{9FE61347-090F-44C8-B901-B7013E5B193E}.Release|x86.Build.0 = Release|Win32
		{CB00C688-4936-4889-8798-568E51EDFA98}.Debug|x64.ActiveCfg = Debug|x64
		{CB00C688-4936-4889-8798-568E51EDFA98}.Debug|x64.Build.0 = Debug|x64
		{CB00C688-4936-4889-8798-568E51EDFA98}.Debug|x86.ActiveCfg = Debug|Win32
		{CB00C688-4936-4889-8798-568E51EDFA98}.Debug|x86.Build.0 = Debug|Win32
		{CB00C688-4936-4889-8798-568E51EDFA98}.Release|x64.ActiveCfg = Release|x64
		{CB00C688-4936-4889-8798-568E51EDFA98}.Release|x64.Build.0 = Release|x64
		{CB00C688-4936-4889-8798-568E51EDFA98}.Release|x86.ActiveCfg = Release|Win32
		{CB00C688-4936-4889-8798-568E51EDFA98}.Release|x86.Build.0 = Release|Win32
		{0A37660E-2B92-416E-8F7B-0E20BA933D0C}.Debug|x64.ActiveCfg = Debug|x64
		{0A37660E-2B92-416E-8F7B-0E20BA933D0C}.Debug|x64.Build.0 = Debug|x64
		{0A37660E-2B92-416E-8F7B-0E20BA933D0C}.Debug|x86.ActiveCfg = Debug|Win32
		{0A37660E-2B92-416E-8F7B-0E20BA933D0C}.Debug|x86.Build.0 = Debug|Win32
		{0A37660E-2B92-416E-8F7B-0E20BA933D0C}.Release|x64.ActiveCfg = Release|x64
		{0A37660E-2B92-416E-8F7B-0E20BA933D0C}.Release|x64.Build.0 = Release|x64
		{0A37660E-2B92-416E-8F7B-0E20BA933D0C}.Release|x86.ActiveCfg = Release|Win32
		{0A37660E-2B92-416E-8F7B-0E20BA933D0C}.Release|x86.Build.0 = Release|Win32
		{C17E7D22-A753-4DF2-95B0-BF9A6F3FF0AC}.Debug|x64.ActiveCfg = Debug|x64
		{C17E7D22-A753-4DF2-95B0-BF9A6F3FF0AC}.Debug|x64.Build.0 = Debug|x64
		{C17E7D22-A753-4DF2-95B0-BF9A6F3FF0AC}.Debug|x86.ActiveCfg = Debug|Win32
		{C17E7D22-A753-4DF2-95B0-BF9A6F3FF0AC}.Debug|x86.Build.0 = Debug|Win32
		{C17E7D22-A753-4DF2-95B0-BF9A6F3FF0AC}.Release|x64.ActiveCfg = Release|x64
		{C17E7D22-A753-4DF2-95B0-BF9A6F3FF0AC}.Release|x64.Build.0 = Release|x64
		{C17E7D22-A753-4DF2-95B0-BF9A6F3FF0AC}.Release|x86.ActiveCfg = Release|Win32
		{C17E7D22-A753-4DF2-95B0-BF9A6F3FF0AC}.Release|x86.Build.0 = Release|Win32
		{D55F414A-F8DE-4778-8E24-46B1293332BD}.Debug|x64.ActiveCfg = Debug|x64
		{D55F414A-F8DE-4778-8E24-46B1293332BD}.Debug|x64.Build.0 = Debug|x64
		{D55F414A-F8DE-4778-8E24-46B1293332BD}.Debug|x86.ActiveCfg = Debug|Win32
		{D55F414A-F8DE-4778-8E24-46B1293332BD}.Debug|x86.Build.0 = Debug|Win32
		{D55F414A-F8DE-4778-8E24-46B1293332BD}.Release|x64.ActiveCfg = Release|x64
		{D55F414A-F8DE-4778-8E24-46B1293332BD}.Release|x64.Build.0 = Release|x64
		{D55F414A-F8DE-4778-8E24-46B1293332BD}.Release|x86.ActiveCfg = Release|Win32
		{D55F414A-F8DE-4778-8E24-46B1293332BD}.Release|x86.Build.0 = Release|Win32
		{7C3BC523-E36D-4641-B6A9-17CE47904DBE}.Debug|x64.ActiveCfg = Debug|x64
		{7C3BC523-E36D-4641-B6A9-17CE47904DBE}.Debug|x64.Build.0 = Debug|x64
		{7C3BC523-E36D-4641-B6A9-17CE47904DBE}.Debug|x86.ActiveCfg = Debug|Win32
		{7C3BC523-E36D-4641-B6A9-17CE47904DBE}.Debug|x86.Build.0 = Debug|Win32
		{7C3BC523-E36D-4641-B6A9-17CE47904DBE}.Release|x64.ActiveCfg = Release|x64
		{7C3BC523-E36D-4641-B6A9-17CE47904DBE}.Release|x64.Build.0 = Release|x64
		{7C3BC523-E36D-4641-B6A9-17CE47904DBE}.Release|x86.ActiveCfg = Release|Win32
		{7C3BC523-E36D-4641-B6A9-17CE47904DBE}.Release|x86.Build.0 = Release|Win32
		{B64079C6-B15C-4825-AA12-7E1A9E4C83A1}.Debug|x64.ActiveCfg = Debug|x64
		{B64079C6-B15C-4825-AA12-7E1A9E4C83A1}.Debug|x64.Build.0 = Debug|x64
		{B64079C6-B15C-4825-AA12-7E1A9E4C83A1}.Debug|x86.ActiveCfg = Debug|Win32
		{B64079C6-B15C-4825-AA12-7E1A9E4C83A1}.Debug|x86.Build.0 = Debug|Win32
		{B64079C6-B15C-4825-AA12-7E1A9E4C83A1}.Release|x64.ActiveCfg = Release|x64
		{B64079C6-B15C-4825-AA12-7E1A9E4C83A1}.Release|x64.Build.0 = Release|x64
		{B64079C6-B15C-4825-AA12-7E1A9E4C83A1}.Release|x86.ActiveCfg = Release|Win32
		{B64079C6-B15C-4825-AA12-7E1A9E4C83A1}.Release|x86.Build.0 = Release|Win32
		{1A1C011E-19E1-4A91-8DA6-D0EBDA29CFD4}.Debug|x64.ActiveCfg = Debug|x64
		{1A1C011E-19E1-4A91-8DA6-D0EBDA29CFD4}.Debug|x64.Build.0 = Debug|x64
		{1A1C011E-19E1-4A91-8DA6-D0EBDA29CFD4}.Debug|x86.ActiveCfg = Debug|Win32
		{1A1C011E-19E1-4A91-8DA6-D0EBDA29CFD4}.Debug|x86.Build.0 = Debug|Win32
		{1A1C011E-19E1-4A91-8DA6-D0EBDA29CFD4}.Release|x64.ActiveCfg = Release|x64
		{1A1C011E-19E1-4A91-8DA6-D0EBDA29CFD4}.Release|x64.Build.0 = Release|x64
		{1A1C011E-19E1-4A91-8DA6-D0EBDA29CFD4}.Release|x86.ActiveCfg = Release|Win32
		{1A1C011E-19E1-4A91-8DA6-D0EBDA29CFD4}.Release|x86.Build.0 = Release|Win32
		{3B5287F4-8D5E-4CB7-81D7-59BC36C3C614}.Debug|x64.ActiveCfg = Debug|x64
		{3B5287F4-8D5E-4CB7-81D7-59BC36C3C614}.Debug|x64.Build.0 = Debug|x64
		{3B5287F4-8D5E-4CB7-81D7-59BC36C3C614}.Debug|x86.ActiveCfg = Debug|Win32
		{3B5287F4-8D5E-4CB7-81D7-59BC36C3C614}.Debug|x86.Build.0 = Debug|Win32
		{3B5287F4-8D5E-4CB7-81D7-59BC36C3C614}.Release|x64.ActiveCfg = Release|x64
		{3B5287F4-8D5E-4CB7-81D7-59BC36C3C614}.Release|x64.Build.0 = Release|x64
		{3B5287F4-8D5E-4CB7-81D7-59BC36C3C614}.Release|x86.ActiveCfg = Release|Win32
		{3B5287F4-8D5E-4CB7-81D7-59BC36C3C614}.Release|x86.Build.0 = Release|Win32
		{57756D83-9FAE-4854-8BEF-391EB307B185}.Debug|x64.ActiveCfg = Debug|x64
		{57756D83-9FAE-4854-8BEF-391EB307B185}.Debug|x64.Build.0 = Debug|x64
		{57756D83-9FAE-4854-8BEF-391EB307B185}.Debug|x86.ActiveCfg = Debug|Win32
		{57756D83-9FAE-4854-8BEF-391EB307B185}.Debug|x86.Build.0 = Debug|Win32
		{57756D83-9FAE-4854-8BEF-391EB307B185}.Release|x64.ActiveCfg = Release|x64
		{57756D83-9FAE-4854-8BEF-391EB307B185}.Release|x64.Build.0 = Release|x64
		{57756D83-9FAE-4854-8BEF-391EB307B185}.Release|x86.ActiveCfg = Release|Win32
		{57756D83-9FAE-4854-8BEF-391EB307B185}.Release|x86.Build.0 = Release|Win32
		{E97652CC-0F04-45B0-9267-CD06085F661F}.Debug|x64.ActiveCfg = Debug|x64
		{E97652CC-0F04-45B0-9267-CD06085F661F}.Debug|x64.Build.0 = Debug|x64
		{E97652CC-0F04-45B0-9267-CD06085F661F}.Debug|x86.ActiveCfg = Debug|Win32
		{E97652CC-0F04-45B0-9267-CD06085F661F}.Debug|x86.Build.0 = Debug|Win32
		{E97652CC-0F04-45B0-9267-CD06085F661F}.Release|x64.ActiveCfg = Release|x64
		{E97652CC-0F04-45B0-9267-CD06085F661F}.Release|x64.Build.0 = Release|x64
		{E97652CC-0F04-45B0-9267-CD06085F661F}.Release|x86.ActiveCfg = Release|Win32
		{E97652CC-0F04-45B0-9267-CD06085F661F}.Release|x86.Build.0 = Release|Win32
		{9E70703A-F331-4ACA-82ED-33E697F71F1E}.Debug|x64.ActiveCfg = Debug|x64
		{9E70703A-F331-4ACA-82ED-33E697F71F1E}.Debug|x64.Build.0 = Debug|x64
		{9E70703A-F331-4ACA-82ED-33E697F71F1E}.Debug|x86.ActiveCfg = Debug|Win32
		{9E70703A-F331-4ACA-82ED-33E697F71F1E}.Debug|x86.Build.0 = Debug|Win32
		{9E70703A-F331-4ACA-82ED-33E697F71F1E}.Release|x64.ActiveCfg = Release|x64
		{9E70703A-F331-4ACA-82ED-33E697F71F1E}.Release|x64.Build.0 = Release|x64
		{9E70703A-F331-4ACA-82ED-33E697F71F1E}.Release|x86.ActiveCfg = Release|Win32
		{9E70703A-F331-4ACA-82ED-33E697F71F1E}.Release|x86.Build.0 = Release|Win32
		{0B61EA54-7F00-4DDB-AB23-EC7A0D5A5373}.Debug|x64.ActiveCfg = Debug|x64
		{0B61EA54-7F00-4DDB-AB23-EC7A0D5A5373}.Debug|x64.Build.0 = Debug|x64
		{0B61EA54-7F00-4DDB-AB23-EC7A0D5A5373}.Debug|x86.ActiveCfg = Debug|Win32
		{0B61EA54-7F00-4DDB-AB23-EC7A0D5A5373}.Debug|x86.Build.0 = Debug|Win32
		{0B61EA54-7F00-4DDB-AB23-EC7A0D5A5373}.Release|x64.ActiveCfg = Release|x64
		{0B61EA54-7F00-4DDB-AB23-EC7A0D5A5373}.Release|x64.Build.0 = Release|x64
		{0B61EA54-7F00-4DDB-AB23-EC7A0D5A5373}.Release|x86.ActiveCfg = Release|Win32
		{0B61EA54-7F00-4DDB-AB23-EC7A0D5A5373}.Release|x86.Build.0 = Release|Win32
		{24AB9301-CA91-40F3-88D3-67AE633A1BB2}.Debug|x64.ActiveCfg = Debug|x64
		{24AB9301-CA91-40F3-88D3-67AE633A1BB2}.Debug|x64.Build.0 = Debug|x64
		{24AB9301-CA91-40F3-88D3-67AE633A1BB2}.Debug|x86.ActiveCfg = Debug|Win32
		{24AB9301-CA91-40F3-88D3-67AE633A1BB2}.Debug|x86.Build.0 = Debug|Win32
		{24AB9301-CA91-40F3-88D3-67AE633A1BB2}.Release|x64.ActiveCfg = Release|x64
		{24AB9301-CA91-40F3-88D3-67AE633A1BB2}.Release|x64.Build.0 = Release|x64
		{24AB9301-CA91-40F3-88D3-67AE633A1BB2}.Release|x86.ActiveCfg = Release|Win32
		{24AB9301-CA91-40F3-88D3-67AE633A1BB2}.Release|x86.Build.0 = Release|Win32
		{86AC148B-80B7-4C08-ABA9-369CCCEB978C}.Debug|x64.ActiveCfg = Debug|x64
		{86AC148B-80B7-4C08-ABA9-369CCCEB978C}.Debug|x64.Build.0 = Debug|x64
		{86AC148B-80B7-4C08-ABA9-369CCCEB978C}.Debug|x86.ActiveCfg = Debug|Win32
		{86AC148B-80B7-4C08-ABA9-369CCCEB978C}.Debug|x86.Build.0 = Debug|Win32
		{86AC148B-80B7-4C08-ABA9-369CCCEB978C}.Release|x64.ActiveCfg = Release|x64
		{86AC148B-80B7-4C08-ABA9-369CCCEB978C}.Release|x64.Build.0 = Release|x64
		{86AC148B-80B7-4C08-ABA9-369CCCEB978C}.Release|x86.ActiveCfg = Release|Win32
		{86AC148B-80B7-4C08-ABA9-369CCCEB978C}.Release|x86.Build.0 = Release|Win32
		{27355D85-AC17-424B-8AF8-338829A8ECC1}.Debug|x64.ActiveCfg = Debug|x64
		{27355D85-AC17-424B-8AF8-338829A8ECC1}.Debug|x64.Build.0 = Debug|x64
		{27355D85-AC17-424B-8AF8-338829A8ECC1}.Debug|x86.ActiveCfg = Debug|Win32
		{27355D85-AC17-424B-8AF8-338829A8ECC1}.Debug|x86.Build.0 = Debug|Win32
		{27355D85-AC17-424B-8AF8-338829A8ECC1}.Release|x64.ActiveCfg = Release|x64
		{27355D85-AC17-424B-8AF8-338829A8ECC1}.Release|x64.Build.0 = Release|x64
		{27355D85-AC17-424B-8AF8-338829A8ECC1}.Release|x86.ActiveCfg = Release|Win32
		{27355D85-AC17-424B-8AF8-338829A8ECC1}.Release|x86.Build.0 = Release|Win32
		{9FDE874E-2DAA-4351-92D1-9F69CAD4B9E2}.Debug|x64.ActiveCfg = Debug|x64
		{9FDE874E-2DAA-4351-92D1-9F69CAD4B9E2}.Debug|x64.Build.0 = Debug|x64
		{9FDE874E-2DAA-4351-92D1-9F69CAD4B9E2}.Debug|x86.ActiveCfg = Debug|Win32
		{9FDE874E-2DAA-4351-92D1-9F69CAD4B9E2}.Debug|x86.Build.0 = Debug|Win32
		{9FDE874E-2DAA-4351-92D1-9F69CAD4B9E2}.Release|x64.ActiveCfg = Release|x64
		{9FDE874E-2DAA-4351-92D1-9F69CAD4B9E2}.Release|x64.Build.0 = Release|x64
		{9FDE874E-2DAA-4351-92D1-9F69CAD4B9E2}.Release|x86.ActiveCfg = Release|Win32
		{9FDE874E-2DAA-4351-92D1-9F69CAD4B9E2}.Release|x86.Build.0 = Release|Win32
		{D138F9D0-9A9D-4541-A3C2-7E8E98C24683}.Debug|x64.ActiveCfg = Debug|x64
		{D138F9D0-9A9D-4541-A3C2-7E8E98C24683}.Debug|x64.Build.0 = Debug|x64
		{D138F9D0-9A9D-4541-A3C2-7E8E98C24683}.Debug|x86.ActiveCfg = Debug|Win32
		{D138F9D0-9A9D-4541-A3C2-7E8E98C24683}.Debug|x86.Build.0 = Debug|Win32
		{D138F9D0-9A9D-4541-A3C2-7E8E98C24683}.Release|x64.ActiveCfg = Release|x64
		{D138F9D0-9A9D-4541-A3C2-7E8E98C24683}.Release|x64.Build.0 = Release|x64
		{D138F9D0-9A9D-4541-A3C2-7E8E98C24683}.Release|x86.ActiveCfg = Release|Win32
		{D138F9D0-9A9D-4541-A3C2-7E8E98C24683}.Release|x86.Build.0 = Release|Win32
		{438668FB-3A67-4D06-A9DB-D7338158EB07}.Debug|x64.ActiveCfg = Debug|x64
		{438668FB-3A67-4D06-A9DB-D7338158EB07}.Debug|x64.Build.0 = Debug|x64
		{438668FB-3A67-4D06-A9DB-D7338158EB07}.Debug|x86.ActiveCfg = Debug|Win32
		{438668FB-3A67-4D06-A9DB-D7338158EB07}.Debug|x86.Build.0 = Debug|Win32
		{438668FB-3A67-4D06-A9DB-D7338158EB07}.Release|x64.ActiveCfg = Release|x64
		{438668FB-3A67-4D06-A9DB-D7338158EB07}.Release|x64.Build.0 = Release|x64
		{438668FB-3A67-4D06-A9DB-D7338158EB07}.Release|x86.ActiveCfg = Release|Win32
		{438668FB-3A67-4D06-A9DB-D7338158EB07}.Release|x86.Build.0 = Release|Win32
		{DBD4FAC9-A0F2-4081-99FA-07084E7BEC8C}.Debug|x64.ActiveCfg = Debug|x64
		{DBD4FAC9-A0F2-4081-99FA-07084E7BEC8C}.Debug|x64.Build.0 = Debug|x64
		{DBD4FAC9-A0F2-4081-99FA-07084E7BEC8C}.Debug|x86.ActiveCfg = Debug|Win32
		{DBD4FAC9-A0F2-4081-99FA-07084E7BEC8C}.Debug|x86.Build.0 = Debug|Win32
		{DBD4FAC9-A0F2-4081-99FA-07084E7BEC8C}.Release|x64.ActiveCfg = Release|x64
		{DBD4FAC9-A0F2-4081-99FA-07084E7BEC8C}.Release|x64.Build.0 = Release|x64
		{DBD4FAC9-A0F2-4081-99FA-07084E7BEC8C}.Release|x86.ActiveCfg = Release|Win32
		{DBD4FAC9-A0F2-4081-99FA-07084E7BEC8C}.Release|x86.Build.0 = Release|Win32
	EndGlobalSection
	GlobalSection(SolutionProperties) = preSolution
		HideSolutionNode = FALSE
	EndGlobalSection
	GlobalSection(NestedProjects) = preSolution
		{EAAABF25-B86B-4C21-A3F6-A2A3359F842D} = {DF37F64C-27BD-4F73-B72E-7651484EA3D7}
		{23BF16D4-75FF-4834-B592-D0ED4F3BA78B} = {DF37F64C-27BD-4F73-B72E-7651484EA3D7}
		{382D55D8-9FA1-4BF0-B46D-BEE024D3AB0A} = {EAAABF25-B86B-4C21-A3F6-A2A3359F842D}
		{D3419EE2-8B5D-4AD3-A674-6B77029585B4} = {EAAABF25-B86B-4C21-A3F6-A2A3359F842D}
		{1F64EA26-522B-496D-818D-D0C9F8DBDFB8} = {EAAABF25-B86B-4C21-A3F6-A2A3359F842D}
		{99BB4983-37F1-4E7A-A189-3D7C8C9153A4} = {EAAABF25-B86B-4C21-A3F6-A2A3359F842D}
		{5E01F2F0-31BA-4125-B6AC-37BF57F5D698} = {EAAABF25-B86B-4C21-A3F6-A2A3359F842D}
		{C8344167-88DE-486C-AEED-D753F380FCA0} = {EAAABF25-B86B-4C21-A3F6-A2A3359F842D}
		{5253CF5D-A371-47D5-8FB1-CFB94D4130A9} = {EAAABF25-B86B-4C21-A3F6-A2A3359F842D}
		{A719885B-88DC-4BA2-99B5-997582799959} = {EAAABF25-B86B-4C21-A3F6-A2A3359F842D}
		{ACC053B6-4B02-478E-BC76-056D9E47899B} = {EAAABF25-B86B-4C21-A3F6-A2A3359F842D}
		{1333A444-9881-409D-8634-77A6F016F5C5} = {23BF16D4-75FF-4834-B592-D0ED4F3BA78B}
		{9DA5DE94-0F22-4989-8B10-C3B1D84A33D5} = {23BF16D4-75FF-4834-B592-D0ED4F3BA78B}
		{102452CF-BAF8-4F10-AB8A-DC5A1FD42D9A} = {23BF16D4-75FF-4834-B592-D0ED4F3BA78B}
		{A22CF4AA-1286-4C1B-AB4F-5EC3BE534D18} = {23BF16D4-75FF-4834-B592-D0ED4F3BA78B}
		{F0BAB4C3-6008-441E-AC2E-CAB11BE68BEC} = {23BF16D4-75FF-4834-B592-D0ED4F3BA78B}
		{66BA9DB3-F5D7-4EF1-B228-B791C7C0B66F} = {23BF16D4-75FF-4834-B592-D0ED4F3BA78B}
		{FA1B446C-C2A4-4A72-BA39-17B1EB2C75D0} = {23BF16D4-75FF-4834-B592-D0ED4F3BA78B}
		{7BCCD9E0-BAB0-487E-A2C9-F4E5AD1F7C67} = {23BF16D4-75FF-4834-B592-D0ED4F3BA78B}
		{CE971850-5B61-4E55-B941-9AF383CBA4BD} = {23BF16D4-75FF-4834-B592-D0ED4F3BA78B}
		{C7752E4A-E782-49C5-BB55-0C57C9B4009A} = {23BF16D4-75FF-4834-B592-D0ED4F3BA78B}
		{35C0FCDD-5ACD-4327-A50B-6BEDEE4F77D6} = {23BF16D4-75FF-4834-B592-D0ED4F3BA78B}
		{A60E7E32-0319-4C91-9372-137FE8727662} = {23BF16D4-75FF-4834-B592-D0ED4F3BA78B}
		{CEDBAD84-24EC-4980-91BB-A828FCBC02C5} = {23BF16D4-75FF-4834-B592-D0ED4F3BA78B}
		{FF887FAB-4750-464F-8B4C-35CB5E7E5FB6} = {23BF16D4-75FF-4834-B592-D0ED4F3BA78B}
		{AFF41928-B0CD-41BB-AC78-728487BEDF10} = {23BF16D4-75FF-4834-B592-D0ED4F3BA78B}
		{C001E4DB-6898-4F71-8761-7253FF86DF43} = {23BF16D4-75FF-4834-B592-D0ED4F3BA78B}
		{D4E5E08A-CF2C-480A-AEA9-9E07EF6B39FC} = {23BF16D4-75FF-4834-B592-D0ED4F3BA78B}
		{094695D7-5328-45A7-9C68-555C250DCC6C} = {23BF16D4-75FF-4834-B592-D0ED4F3BA78B}
		{32A9948B-09A2-4DEF-8CF2-D54D4E267AE6} = {DF37F64C-27BD-4F73-B72E-7651484EA3D7}
		{784F5762-C116-4829-B28D-9F38887E7925} = {32A9948B-09A2-4DEF-8CF2-D54D4E267AE6}
		{05A55C53-DF0D-496E-A01E-D6BE3AA03E52} = {32A9948B-09A2-4DEF-8CF2-D54D4E267AE6}
		{5F4428FE-7F83-43AD-B0A4-815870DA413C} = {32A9948B-09A2-4DEF-8CF2-D54D4E267AE6}
		{2EBAED47-3526-41EA-B172-C89FF6BF17B8} = {32A9948B-09A2-4DEF-8CF2-D54D4E267AE6}
		{9FE61347-090F-44C8-B901-B7013E5B193E} = {32A9948B-09A2-4DEF-8CF2-D54D4E267AE6}
		{CB00C688-4936-4889-8798-568E51EDFA98} = {32A9948B-09A2-4DEF-8CF2-D54D4E267AE6}
		{0A37660E-2B92-416E-8F7B-0E20BA933D0C} = {32A9948B-09A2-4DEF-8CF2-D54D4E267AE6}
		{C17E7D22-A753-4DF2-95B0-BF9A6F3FF0AC} = {32A9948B-09A2-4DEF-8CF2-D54D4E267AE6}
		{C2D5862D-C6D6-451A-B9EE-52E7DA02F890} = {DF37F64C-27BD-4F73-B72E-7651484EA3D7}
		{D55F414A-F8DE-4778-8E24-46B1293332BD} = {C2D5862D-C6D6-451A-B9EE-52E7DA02F890}
		{7C3BC523-E36D-4641-B6A9-17CE47904DBE} = {C2D5862D-C6D6-451A-B9EE-52E7DA02F890}
		{B64079C6-B15C-4825-AA12-7E1A9E4C83A1} = {C2D5862D-C6D6-451A-B9EE-52E7DA02F890}
		{1A1C011E-19E1-4A91-8DA6-D0EBDA29CFD4} = {C2D5862D-C6D6-451A-B9EE-52E7DA02F890}
		{3B5287F4-8D5E-4CB7-81D7-59BC36C3C614} = {C2D5862D-C6D6-451A-B9EE-52E7DA02F890}
		{57756D83-9FAE-4854-8BEF-391EB307B185} = {C2D5862D-C6D6-451A-B9EE-52E7DA02F890}
		{E97652CC-0F04-45B0-9267-CD06085F661F} = {C2D5862D-C6D6-451A-B9EE-52E7DA02F890}
		{9E70703A-F331-4ACA-82ED-33E697F71F1E} = {C2D5862D-C6D6-451A-B9EE-52E7DA02F890}
		{0B61EA54-7F00-4DDB-AB23-EC7A0D5A5373} = {C2D5862D-C6D6-451A-B9EE-52E7DA02F890}
		{24AB9301-CA91-40F3-88D3-67AE633A1BB2} = {C2D5862D-C6D6-451A-B9EE-52E7DA02F890}
		{86AC148B-80B7-4C08-ABA9-369CCCEB978C} = {C2D5862D-C6D6-451A-B9EE-52E7DA02F890}
		{27355D85-AC17-424B-8AF8-338829A8ECC1} = {C2D5862D-C6D6-451A-B9EE-52E7DA02F890}
		{9FDE874E-2DAA-4351-92D1-9F69CAD4B9E2} = {DF37F64C-27BD-4F73-B72E-7651484EA3D7}
		{8361FB49-F380-42C7-87D7-B857DB839FF8} = {070935BD-9051-4A0A-869F-F5179FF7E103}
		{D138F9D0-9A9D-4541-A3C2-7E8E98C24683} = {8361FB49-F380-42C7-87D7-B857DB839FF8}
		{438668FB-3A67-4D06-A9DB-D7338158EB07} = {8361FB49-F380-42C7-87D7-B857DB839FF8}
		{DBD4FAC9-A0F2-4081-99FA-07084E7BEC8C} = {8361FB49-F380-42C7-87D7-B857DB839FF8}
	EndGlobalSection
	GlobalSection(ExtensibilityGlobals) = postSolution
		SolutionGuid = {C8A8F1CB-7E1D-4C00-813F-5E207BF68C9B}
	EndGlobalSection
EndGlobal
