
Microsoft Visual Studio Solution File, Format Version 12.00
# Visual Studio Version 16
VisualStudioVersion = 16.0.30104.148
MinimumVisualStudioVersion = 10.0.40219.1
Project("{2150E333-8FDC-42A3-9474-1A3956D46DE8}") = "1 week", "1 week", "{EAAABF25-B86B-4C21-A3F6-A2A3359F842D}"
EndProject
Project("{2150E333-8FDC-42A3-9474-1A3956D46DE8}") = "2 week", "2 week", "{23BF16D4-75FF-4834-B592-D0ED4F3BA78B}"
EndProject
Project("{2150E333-8FDC-42A3-9474-1A3956D46DE8}") = "white", "white", "{DF37F64C-27BD-4F73-B72E-7651484EA3D7}"
EndProject
Project("{8BC9CEB8-8B4A-11D0-8D11-00A0C91BC942}") = "№3 equation", "white\1 week\№3 equation\№3 equation.vcxproj", "{382D55D8-9FA1-4BF0-B46D-BEE024D3AB0A}"
EndProject
Project("{8BC9CEB8-8B4A-11D0-8D11-00A0C91BC942}") = "№2 minimal string", "white\1 week\№2 minimal string\№2 minimal string.vcxproj", "{D3419EE2-8B5D-4AD3-A674-6B77029585B4}"
EndProject
Project("{8BC9CEB8-8B4A-11D0-8D11-00A0C91BC942}") = "№8 GCD", "white\1 week\№8 GCD\№8 GCD.vcxproj", "{1F64EA26-522B-496D-818D-D0C9F8DBDFB8}"
EndProject
Project("{8BC9CEB8-8B4A-11D0-8D11-00A0C91BC942}") = "№7 second occurrence", "white\1 week\№7 second occurrence\№7 second occurrence.vcxproj", "{99BB4983-37F1-4E7A-A189-3D7C8C9153A4}"
EndProject
Project("{8BC9CEB8-8B4A-11D0-8D11-00A0C91BC942}") = "№4 division", "white\1 week\№4 division\№4 division.vcxproj", "{5E01F2F0-31BA-4125-B6AC-37BF57F5D698}"
EndProject
Project("{8BC9CEB8-8B4A-11D0-8D11-00A0C91BC942}") = "№1 A+B", "white\1 week\№1 A+B\№1 A+B.vcxproj", "{C8344167-88DE-486C-AEED-D753F380FCA0}"
EndProject
Project("{8BC9CEB8-8B4A-11D0-8D11-00A0C91BC942}") = "№5 cost", "white\1 week\№5 cost\№5 cost.vcxproj", "{5253CF5D-A371-47D5-8FB1-CFB94D4130A9}"
EndProject
Project("{8BC9CEB8-8B4A-11D0-8D11-00A0C91BC942}") = "№6 even number", "white\1 week\№6 even number\№6 even number.vcxproj", "{A719885B-88DC-4BA2-99B5-997582799959}"
EndProject
Project("{8BC9CEB8-8B4A-11D0-8D11-00A0C91BC942}") = "№9 bin number", "white\1 week\№9 bin number\№9 bin number.vcxproj", "{ACC053B6-4B02-478E-BC76-056D9E47899B}"
EndProject
Project("{8BC9CEB8-8B4A-11D0-8D11-00A0C91BC942}") = "№1 factorial", "white\2 week\№1 factorial\№1 factorial.vcxproj", "{1333A444-9881-409D-8634-77A6F016F5C5}"
EndProject
Project("{8BC9CEB8-8B4A-11D0-8D11-00A0C91BC942}") = "№2 palindrom", "white\2 week\№2 palindrom\№2 palindrom.vcxproj", "{9DA5DE94-0F22-4989-8B10-C3B1D84A33D5}"
EndProject
Project("{8BC9CEB8-8B4A-11D0-8D11-00A0C91BC942}") = "№3 selection palindroms", "white\2 week\№3 selection palindroms\№3 selection palindroms.vcxproj", "{102452CF-BAF8-4F10-AB8A-DC5A1FD42D9A}"
EndProject
Project("{8BC9CEB8-8B4A-11D0-8D11-00A0C91BC942}") = "№4 maximizer", "white\2 week\№4 maximizer\№4 maximizer.vcxproj", "{A22CF4AA-1286-4C1B-AB4F-5EC3BE534D18}"
EndProject
Project("{8BC9CEB8-8B4A-11D0-8D11-00A0C91BC942}") = "№5 move the strings", "white\2 week\№5 move the strings\№5 move the strings.vcxproj", "{F0BAB4C3-6008-441E-AC2E-CAB11BE68BEC}"
EndProject
Project("{8BC9CEB8-8B4A-11D0-8D11-00A0C91BC942}") = "№6 sequence reversal", "white\2 week\№6 sequence reversal\№6 sequence reversal.vcxproj", "{66BA9DB3-F5D7-4EF1-B228-B791C7C0B66F}"
EndProject
Project("{8BC9CEB8-8B4A-11D0-8D11-00A0C91BC942}") = "№7 sequence reversal 2", "white\2 week\№7 sequence reversal 2\№7 sequence reversal 2.vcxproj", "{FA1B446C-C2A4-4A72-BA39-17B1EB2C75D0}"
EndProject
Project("{8BC9CEB8-8B4A-11D0-8D11-00A0C91BC942}") = "№8 average temperature", "white\2 week\№8 average temperature\№8 average temperature.vcxproj", "{7BCCD9E0-BAB0-487E-A2C9-F4E5AD1F7C67}"
EndProject
Project("{8BC9CEB8-8B4A-11D0-8D11-00A0C91BC942}") = "№9 queue", "white\2 week\№9 queue\№9 queue.vcxproj", "{CE971850-5B61-4E55-B941-9AF383CBA4BD}"
EndProject
Project("{8BC9CEB8-8B4A-11D0-8D11-00A0C91BC942}") = "№I10 monthly cases", "white\2 week\№10 monthly cases\№10 monthly cases.vcxproj", "{C7752E4A-E782-49C5-BB55-0C57C9B4009A}"
EndProject
Project("{8BC9CEB8-8B4A-11D0-8D11-00A0C91BC942}") = "№I11 anagrams", "white\2 week\№11 anagrams\№11 anagrams.vcxproj", "{35C0FCDD-5ACD-4327-A50B-6BEDEE4F77D6}"
EndProject
Project("{8BC9CEB8-8B4A-11D0-8D11-00A0C91BC942}") = "№I12 guide", "white\2 week\№12 guide\№12 guide.vcxproj", "{A60E7E32-0319-4C91-9372-137FE8727662}"
EndProject
Project("{8BC9CEB8-8B4A-11D0-8D11-00A0C91BC942}") = "№I13 bus stop", "white\2 week\№13 bus stop\№13 bus stop.vcxproj", "{CEDBAD84-24EC-4980-91BB-A828FCBC02C5}"
EndProject
Project("{8BC9CEB8-8B4A-11D0-8D11-00A0C91BC942}") = "№I14 bus stop 2", "white\2 week\№14 bus stop 2\№14 bus stop 2.vcxproj", "{FF887FAB-4750-464F-8B4C-35CB5E7E5FB6}"
EndProject
Project("{8BC9CEB8-8B4A-11D0-8D11-00A0C91BC942}") = "№I15 unique strings", "white\2 week\№15 unique strings\№15 unique strings.vcxproj", "{AFF41928-B0CD-41BB-AC78-728487BEDF10}"
EndProject
Project("{8BC9CEB8-8B4A-11D0-8D11-00A0C91BC942}") = "№I16 set of values of the dictionary", "white\2 week\№16 set of values of the dictionary\№16 set of values of the dictionary.vcxproj", "{C001E4DB-6898-4F71-8761-7253FF86DF43}"
EndProject
Project("{8BC9CEB8-8B4A-11D0-8D11-00A0C91BC942}") = "№I17 synonyms", "white\2 week\№17 synonyms\№17 synonyms.vcxproj", "{D4E5E08A-CF2C-480A-AEA9-9E07EF6B39FC}"
EndProject
Project("{8BC9CEB8-8B4A-11D0-8D11-00A0C91BC942}") = "№I18 bus stop 3", "white\2 week\№18 bus stop 3\№18 bus stop 3.vcxproj", "{094695D7-5328-45A7-9C68-555C250DCC6C}"
EndProject
Project("{2150E333-8FDC-42A3-9474-1A3956D46DE8}") = "3 week", "3 week", "{32A9948B-09A2-4DEF-8CF2-D54D4E267AE6}"
EndProject
Project("{8BC9CEB8-8B4A-11D0-8D11-00A0C91BC942}") = "№1 int sort", "white\3 week\№1 int sort\№1 int sort.vcxproj", "{784F5762-C116-4829-B28D-9F38887E7925}"
EndProject
Project("{8BC9CEB8-8B4A-11D0-8D11-00A0C91BC942}") = "№2 sort without case", "white\3 week\№2 sort without case\№2 sort without case.vcxproj", "{05A55C53-DF0D-496E-A01E-D6BE3AA03E52}"
EndProject
Global
	GlobalSection(SolutionConfigurationPlatforms) = preSolution
		Debug|x64 = Debug|x64
		Debug|x86 = Debug|x86
		Release|x64 = Release|x64
		Release|x86 = Release|x86
	EndGlobalSection
	GlobalSection(ProjectConfigurationPlatforms) = postSolution
		{382D55D8-9FA1-4BF0-B46D-BEE024D3AB0A}.Debug|x64.ActiveCfg = Debug|x64
		{382D55D8-9FA1-4BF0-B46D-BEE024D3AB0A}.Debug|x64.Build.0 = Debug|x64
		{382D55D8-9FA1-4BF0-B46D-BEE024D3AB0A}.Debug|x86.ActiveCfg = Debug|Win32
		{382D55D8-9FA1-4BF0-B46D-BEE024D3AB0A}.Debug|x86.Build.0 = Debug|Win32
		{382D55D8-9FA1-4BF0-B46D-BEE024D3AB0A}.Release|x64.ActiveCfg = Release|x64
		{382D55D8-9FA1-4BF0-B46D-BEE024D3AB0A}.Release|x64.Build.0 = Release|x64
		{382D55D8-9FA1-4BF0-B46D-BEE024D3AB0A}.Release|x86.ActiveCfg = Release|Win32
		{382D55D8-9FA1-4BF0-B46D-BEE024D3AB0A}.Release|x86.Build.0 = Release|Win32
		{D3419EE2-8B5D-4AD3-A674-6B77029585B4}.Debug|x64.ActiveCfg = Debug|x64
		{D3419EE2-8B5D-4AD3-A674-6B77029585B4}.Debug|x64.Build.0 = Debug|x64
		{D3419EE2-8B5D-4AD3-A674-6B77029585B4}.Debug|x86.ActiveCfg = Debug|Win32
		{D3419EE2-8B5D-4AD3-A674-6B77029585B4}.Debug|x86.Build.0 = Debug|Win32
		{D3419EE2-8B5D-4AD3-A674-6B77029585B4}.Release|x64.ActiveCfg = Release|x64
		{D3419EE2-8B5D-4AD3-A674-6B77029585B4}.Release|x64.Build.0 = Release|x64
		{D3419EE2-8B5D-4AD3-A674-6B77029585B4}.Release|x86.ActiveCfg = Release|Win32
		{D3419EE2-8B5D-4AD3-A674-6B77029585B4}.Release|x86.Build.0 = Release|Win32
		{1F64EA26-522B-496D-818D-D0C9F8DBDFB8}.Debug|x64.ActiveCfg = Debug|x64
		{1F64EA26-522B-496D-818D-D0C9F8DBDFB8}.Debug|x64.Build.0 = Debug|x64
		{1F64EA26-522B-496D-818D-D0C9F8DBDFB8}.Debug|x86.ActiveCfg = Debug|Win32
		{1F64EA26-522B-496D-818D-D0C9F8DBDFB8}.Debug|x86.Build.0 = Debug|Win32
		{1F64EA26-522B-496D-818D-D0C9F8DBDFB8}.Release|x64.ActiveCfg = Release|x64
		{1F64EA26-522B-496D-818D-D0C9F8DBDFB8}.Release|x64.Build.0 = Release|x64
		{1F64EA26-522B-496D-818D-D0C9F8DBDFB8}.Release|x86.ActiveCfg = Release|Win32
		{1F64EA26-522B-496D-818D-D0C9F8DBDFB8}.Release|x86.Build.0 = Release|Win32
		{99BB4983-37F1-4E7A-A189-3D7C8C9153A4}.Debug|x64.ActiveCfg = Debug|x64
		{99BB4983-37F1-4E7A-A189-3D7C8C9153A4}.Debug|x64.Build.0 = Debug|x64
		{99BB4983-37F1-4E7A-A189-3D7C8C9153A4}.Debug|x86.ActiveCfg = Debug|Win32
		{99BB4983-37F1-4E7A-A189-3D7C8C9153A4}.Debug|x86.Build.0 = Debug|Win32
		{99BB4983-37F1-4E7A-A189-3D7C8C9153A4}.Release|x64.ActiveCfg = Release|x64
		{99BB4983-37F1-4E7A-A189-3D7C8C9153A4}.Release|x64.Build.0 = Release|x64
		{99BB4983-37F1-4E7A-A189-3D7C8C9153A4}.Release|x86.ActiveCfg = Release|Win32
		{99BB4983-37F1-4E7A-A189-3D7C8C9153A4}.Release|x86.Build.0 = Release|Win32
		{5E01F2F0-31BA-4125-B6AC-37BF57F5D698}.Debug|x64.ActiveCfg = Debug|x64
		{5E01F2F0-31BA-4125-B6AC-37BF57F5D698}.Debug|x64.Build.0 = Debug|x64
		{5E01F2F0-31BA-4125-B6AC-37BF57F5D698}.Debug|x86.ActiveCfg = Debug|Win32
		{5E01F2F0-31BA-4125-B6AC-37BF57F5D698}.Debug|x86.Build.0 = Debug|Win32
		{5E01F2F0-31BA-4125-B6AC-37BF57F5D698}.Release|x64.ActiveCfg = Release|x64
		{5E01F2F0-31BA-4125-B6AC-37BF57F5D698}.Release|x64.Build.0 = Release|x64
		{5E01F2F0-31BA-4125-B6AC-37BF57F5D698}.Release|x86.ActiveCfg = Release|Win32
		{5E01F2F0-31BA-4125-B6AC-37BF57F5D698}.Release|x86.Build.0 = Release|Win32
		{C8344167-88DE-486C-AEED-D753F380FCA0}.Debug|x64.ActiveCfg = Debug|x64
		{C8344167-88DE-486C-AEED-D753F380FCA0}.Debug|x64.Build.0 = Debug|x64
		{C8344167-88DE-486C-AEED-D753F380FCA0}.Debug|x86.ActiveCfg = Debug|Win32
		{C8344167-88DE-486C-AEED-D753F380FCA0}.Debug|x86.Build.0 = Debug|Win32
		{C8344167-88DE-486C-AEED-D753F380FCA0}.Release|x64.ActiveCfg = Release|x64
		{C8344167-88DE-486C-AEED-D753F380FCA0}.Release|x64.Build.0 = Release|x64
		{C8344167-88DE-486C-AEED-D753F380FCA0}.Release|x86.ActiveCfg = Release|Win32
		{C8344167-88DE-486C-AEED-D753F380FCA0}.Release|x86.Build.0 = Release|Win32
		{5253CF5D-A371-47D5-8FB1-CFB94D4130A9}.Debug|x64.ActiveCfg = Debug|x64
		{5253CF5D-A371-47D5-8FB1-CFB94D4130A9}.Debug|x64.Build.0 = Debug|x64
		{5253CF5D-A371-47D5-8FB1-CFB94D4130A9}.Debug|x86.ActiveCfg = Debug|Win32
		{5253CF5D-A371-47D5-8FB1-CFB94D4130A9}.Debug|x86.Build.0 = Debug|Win32
		{5253CF5D-A371-47D5-8FB1-CFB94D4130A9}.Release|x64.ActiveCfg = Release|x64
		{5253CF5D-A371-47D5-8FB1-CFB94D4130A9}.Release|x64.Build.0 = Release|x64
		{5253CF5D-A371-47D5-8FB1-CFB94D4130A9}.Release|x86.ActiveCfg = Release|Win32
		{5253CF5D-A371-47D5-8FB1-CFB94D4130A9}.Release|x86.Build.0 = Release|Win32
		{A719885B-88DC-4BA2-99B5-997582799959}.Debug|x64.ActiveCfg = Debug|x64
		{A719885B-88DC-4BA2-99B5-997582799959}.Debug|x64.Build.0 = Debug|x64
		{A719885B-88DC-4BA2-99B5-997582799959}.Debug|x86.ActiveCfg = Debug|Win32
		{A719885B-88DC-4BA2-99B5-997582799959}.Debug|x86.Build.0 = Debug|Win32
		{A719885B-88DC-4BA2-99B5-997582799959}.Release|x64.ActiveCfg = Release|x64
		{A719885B-88DC-4BA2-99B5-997582799959}.Release|x64.Build.0 = Release|x64
		{A719885B-88DC-4BA2-99B5-997582799959}.Release|x86.ActiveCfg = Release|Win32
		{A719885B-88DC-4BA2-99B5-997582799959}.Release|x86.Build.0 = Release|Win32
		{ACC053B6-4B02-478E-BC76-056D9E47899B}.Debug|x64.ActiveCfg = Debug|x64
		{ACC053B6-4B02-478E-BC76-056D9E47899B}.Debug|x64.Build.0 = Debug|x64
		{ACC053B6-4B02-478E-BC76-056D9E47899B}.Debug|x86.ActiveCfg = Debug|Win32
		{ACC053B6-4B02-478E-BC76-056D9E47899B}.Debug|x86.Build.0 = Debug|Win32
		{ACC053B6-4B02-478E-BC76-056D9E47899B}.Release|x64.ActiveCfg = Release|x64
		{ACC053B6-4B02-478E-BC76-056D9E47899B}.Release|x64.Build.0 = Release|x64
		{ACC053B6-4B02-478E-BC76-056D9E47899B}.Release|x86.ActiveCfg = Release|Win32
		{ACC053B6-4B02-478E-BC76-056D9E47899B}.Release|x86.Build.0 = Release|Win32
		{1333A444-9881-409D-8634-77A6F016F5C5}.Debug|x64.ActiveCfg = Debug|x64
		{1333A444-9881-409D-8634-77A6F016F5C5}.Debug|x64.Build.0 = Debug|x64
		{1333A444-9881-409D-8634-77A6F016F5C5}.Debug|x86.ActiveCfg = Debug|Win32
		{1333A444-9881-409D-8634-77A6F016F5C5}.Debug|x86.Build.0 = Debug|Win32
		{1333A444-9881-409D-8634-77A6F016F5C5}.Release|x64.ActiveCfg = Release|x64
		{1333A444-9881-409D-8634-77A6F016F5C5}.Release|x64.Build.0 = Release|x64
		{1333A444-9881-409D-8634-77A6F016F5C5}.Release|x86.ActiveCfg = Release|Win32
		{1333A444-9881-409D-8634-77A6F016F5C5}.Release|x86.Build.0 = Release|Win32
		{9DA5DE94-0F22-4989-8B10-C3B1D84A33D5}.Debug|x64.ActiveCfg = Debug|x64
		{9DA5DE94-0F22-4989-8B10-C3B1D84A33D5}.Debug|x64.Build.0 = Debug|x64
		{9DA5DE94-0F22-4989-8B10-C3B1D84A33D5}.Debug|x86.ActiveCfg = Debug|Win32
		{9DA5DE94-0F22-4989-8B10-C3B1D84A33D5}.Debug|x86.Build.0 = Debug|Win32
		{9DA5DE94-0F22-4989-8B10-C3B1D84A33D5}.Release|x64.ActiveCfg = Release|x64
		{9DA5DE94-0F22-4989-8B10-C3B1D84A33D5}.Release|x64.Build.0 = Release|x64
		{9DA5DE94-0F22-4989-8B10-C3B1D84A33D5}.Release|x86.ActiveCfg = Release|Win32
		{9DA5DE94-0F22-4989-8B10-C3B1D84A33D5}.Release|x86.Build.0 = Release|Win32
		{102452CF-BAF8-4F10-AB8A-DC5A1FD42D9A}.Debug|x64.ActiveCfg = Debug|x64
		{102452CF-BAF8-4F10-AB8A-DC5A1FD42D9A}.Debug|x64.Build.0 = Debug|x64
		{102452CF-BAF8-4F10-AB8A-DC5A1FD42D9A}.Debug|x86.ActiveCfg = Debug|Win32
		{102452CF-BAF8-4F10-AB8A-DC5A1FD42D9A}.Debug|x86.Build.0 = Debug|Win32
		{102452CF-BAF8-4F10-AB8A-DC5A1FD42D9A}.Release|x64.ActiveCfg = Release|x64
		{102452CF-BAF8-4F10-AB8A-DC5A1FD42D9A}.Release|x64.Build.0 = Release|x64
		{102452CF-BAF8-4F10-AB8A-DC5A1FD42D9A}.Release|x86.ActiveCfg = Release|Win32
		{102452CF-BAF8-4F10-AB8A-DC5A1FD42D9A}.Release|x86.Build.0 = Release|Win32
		{A22CF4AA-1286-4C1B-AB4F-5EC3BE534D18}.Debug|x64.ActiveCfg = Debug|x64
		{A22CF4AA-1286-4C1B-AB4F-5EC3BE534D18}.Debug|x64.Build.0 = Debug|x64
		{A22CF4AA-1286-4C1B-AB4F-5EC3BE534D18}.Debug|x86.ActiveCfg = Debug|Win32
		{A22CF4AA-1286-4C1B-AB4F-5EC3BE534D18}.Debug|x86.Build.0 = Debug|Win32
		{A22CF4AA-1286-4C1B-AB4F-5EC3BE534D18}.Release|x64.ActiveCfg = Release|x64
		{A22CF4AA-1286-4C1B-AB4F-5EC3BE534D18}.Release|x64.Build.0 = Release|x64
		{A22CF4AA-1286-4C1B-AB4F-5EC3BE534D18}.Release|x86.ActiveCfg = Release|Win32
		{A22CF4AA-1286-4C1B-AB4F-5EC3BE534D18}.Release|x86.Build.0 = Release|Win32
		{F0BAB4C3-6008-441E-AC2E-CAB11BE68BEC}.Debug|x64.ActiveCfg = Debug|x64
		{F0BAB4C3-6008-441E-AC2E-CAB11BE68BEC}.Debug|x64.Build.0 = Debug|x64
		{F0BAB4C3-6008-441E-AC2E-CAB11BE68BEC}.Debug|x86.ActiveCfg = Debug|Win32
		{F0BAB4C3-6008-441E-AC2E-CAB11BE68BEC}.Debug|x86.Build.0 = Debug|Win32
		{F0BAB4C3-6008-441E-AC2E-CAB11BE68BEC}.Release|x64.ActiveCfg = Release|x64
		{F0BAB4C3-6008-441E-AC2E-CAB11BE68BEC}.Release|x64.Build.0 = Release|x64
		{F0BAB4C3-6008-441E-AC2E-CAB11BE68BEC}.Release|x86.ActiveCfg = Release|Win32
		{F0BAB4C3-6008-441E-AC2E-CAB11BE68BEC}.Release|x86.Build.0 = Release|Win32
		{66BA9DB3-F5D7-4EF1-B228-B791C7C0B66F}.Debug|x64.ActiveCfg = Debug|x64
		{66BA9DB3-F5D7-4EF1-B228-B791C7C0B66F}.Debug|x64.Build.0 = Debug|x64
		{66BA9DB3-F5D7-4EF1-B228-B791C7C0B66F}.Debug|x86.ActiveCfg = Debug|Win32
		{66BA9DB3-F5D7-4EF1-B228-B791C7C0B66F}.Debug|x86.Build.0 = Debug|Win32
		{66BA9DB3-F5D7-4EF1-B228-B791C7C0B66F}.Release|x64.ActiveCfg = Release|x64
		{66BA9DB3-F5D7-4EF1-B228-B791C7C0B66F}.Release|x64.Build.0 = Release|x64
		{66BA9DB3-F5D7-4EF1-B228-B791C7C0B66F}.Release|x86.ActiveCfg = Release|Win32
		{66BA9DB3-F5D7-4EF1-B228-B791C7C0B66F}.Release|x86.Build.0 = Release|Win32
		{FA1B446C-C2A4-4A72-BA39-17B1EB2C75D0}.Debug|x64.ActiveCfg = Debug|x64
		{FA1B446C-C2A4-4A72-BA39-17B1EB2C75D0}.Debug|x64.Build.0 = Debug|x64
		{FA1B446C-C2A4-4A72-BA39-17B1EB2C75D0}.Debug|x86.ActiveCfg = Debug|Win32
		{FA1B446C-C2A4-4A72-BA39-17B1EB2C75D0}.Debug|x86.Build.0 = Debug|Win32
		{FA1B446C-C2A4-4A72-BA39-17B1EB2C75D0}.Release|x64.ActiveCfg = Release|x64
		{FA1B446C-C2A4-4A72-BA39-17B1EB2C75D0}.Release|x64.Build.0 = Release|x64
		{FA1B446C-C2A4-4A72-BA39-17B1EB2C75D0}.Release|x86.ActiveCfg = Release|Win32
		{FA1B446C-C2A4-4A72-BA39-17B1EB2C75D0}.Release|x86.Build.0 = Release|Win32
		{7BCCD9E0-BAB0-487E-A2C9-F4E5AD1F7C67}.Debug|x64.ActiveCfg = Debug|x64
		{7BCCD9E0-BAB0-487E-A2C9-F4E5AD1F7C67}.Debug|x64.Build.0 = Debug|x64
		{7BCCD9E0-BAB0-487E-A2C9-F4E5AD1F7C67}.Debug|x86.ActiveCfg = Debug|Win32
		{7BCCD9E0-BAB0-487E-A2C9-F4E5AD1F7C67}.Debug|x86.Build.0 = Debug|Win32
		{7BCCD9E0-BAB0-487E-A2C9-F4E5AD1F7C67}.Release|x64.ActiveCfg = Release|x64
		{7BCCD9E0-BAB0-487E-A2C9-F4E5AD1F7C67}.Release|x64.Build.0 = Release|x64
		{7BCCD9E0-BAB0-487E-A2C9-F4E5AD1F7C67}.Release|x86.ActiveCfg = Release|Win32
		{7BCCD9E0-BAB0-487E-A2C9-F4E5AD1F7C67}.Release|x86.Build.0 = Release|Win32
		{CE971850-5B61-4E55-B941-9AF383CBA4BD}.Debug|x64.ActiveCfg = Debug|x64
		{CE971850-5B61-4E55-B941-9AF383CBA4BD}.Debug|x64.Build.0 = Debug|x64
		{CE971850-5B61-4E55-B941-9AF383CBA4BD}.Debug|x86.ActiveCfg = Debug|Win32
		{CE971850-5B61-4E55-B941-9AF383CBA4BD}.Debug|x86.Build.0 = Debug|Win32
		{CE971850-5B61-4E55-B941-9AF383CBA4BD}.Release|x64.ActiveCfg = Release|x64
		{CE971850-5B61-4E55-B941-9AF383CBA4BD}.Release|x64.Build.0 = Release|x64
		{CE971850-5B61-4E55-B941-9AF383CBA4BD}.Release|x86.ActiveCfg = Release|Win32
		{CE971850-5B61-4E55-B941-9AF383CBA4BD}.Release|x86.Build.0 = Release|Win32
		{C7752E4A-E782-49C5-BB55-0C57C9B4009A}.Debug|x64.ActiveCfg = Debug|x64
		{C7752E4A-E782-49C5-BB55-0C57C9B4009A}.Debug|x64.Build.0 = Debug|x64
		{C7752E4A-E782-49C5-BB55-0C57C9B4009A}.Debug|x86.ActiveCfg = Debug|Win32
		{C7752E4A-E782-49C5-BB55-0C57C9B4009A}.Debug|x86.Build.0 = Debug|Win32
		{C7752E4A-E782-49C5-BB55-0C57C9B4009A}.Release|x64.ActiveCfg = Release|x64
		{C7752E4A-E782-49C5-BB55-0C57C9B4009A}.Release|x64.Build.0 = Release|x64
		{C7752E4A-E782-49C5-BB55-0C57C9B4009A}.Release|x86.ActiveCfg = Release|Win32
		{C7752E4A-E782-49C5-BB55-0C57C9B4009A}.Release|x86.Build.0 = Release|Win32
		{35C0FCDD-5ACD-4327-A50B-6BEDEE4F77D6}.Debug|x64.ActiveCfg = Debug|x64
		{35C0FCDD-5ACD-4327-A50B-6BEDEE4F77D6}.Debug|x64.Build.0 = Debug|x64
		{35C0FCDD-5ACD-4327-A50B-6BEDEE4F77D6}.Debug|x86.ActiveCfg = Debug|Win32
		{35C0FCDD-5ACD-4327-A50B-6BEDEE4F77D6}.Debug|x86.Build.0 = Debug|Win32
		{35C0FCDD-5ACD-4327-A50B-6BEDEE4F77D6}.Release|x64.ActiveCfg = Release|x64
		{35C0FCDD-5ACD-4327-A50B-6BEDEE4F77D6}.Release|x64.Build.0 = Release|x64
		{35C0FCDD-5ACD-4327-A50B-6BEDEE4F77D6}.Release|x86.ActiveCfg = Release|Win32
		{35C0FCDD-5ACD-4327-A50B-6BEDEE4F77D6}.Release|x86.Build.0 = Release|Win32
		{A60E7E32-0319-4C91-9372-137FE8727662}.Debug|x64.ActiveCfg = Debug|x64
		{A60E7E32-0319-4C91-9372-137FE8727662}.Debug|x64.Build.0 = Debug|x64
		{A60E7E32-0319-4C91-9372-137FE8727662}.Debug|x86.ActiveCfg = Debug|Win32
		{A60E7E32-0319-4C91-9372-137FE8727662}.Debug|x86.Build.0 = Debug|Win32
		{A60E7E32-0319-4C91-9372-137FE8727662}.Release|x64.ActiveCfg = Release|x64
		{A60E7E32-0319-4C91-9372-137FE8727662}.Release|x64.Build.0 = Release|x64
		{A60E7E32-0319-4C91-9372-137FE8727662}.Release|x86.ActiveCfg = Release|Win32
		{A60E7E32-0319-4C91-9372-137FE8727662}.Release|x86.Build.0 = Release|Win32
		{CEDBAD84-24EC-4980-91BB-A828FCBC02C5}.Debug|x64.ActiveCfg = Debug|x64
		{CEDBAD84-24EC-4980-91BB-A828FCBC02C5}.Debug|x64.Build.0 = Debug|x64
		{CEDBAD84-24EC-4980-91BB-A828FCBC02C5}.Debug|x86.ActiveCfg = Debug|Win32
		{CEDBAD84-24EC-4980-91BB-A828FCBC02C5}.Debug|x86.Build.0 = Debug|Win32
		{CEDBAD84-24EC-4980-91BB-A828FCBC02C5}.Release|x64.ActiveCfg = Release|x64
		{CEDBAD84-24EC-4980-91BB-A828FCBC02C5}.Release|x64.Build.0 = Release|x64
		{CEDBAD84-24EC-4980-91BB-A828FCBC02C5}.Release|x86.ActiveCfg = Release|Win32
		{CEDBAD84-24EC-4980-91BB-A828FCBC02C5}.Release|x86.Build.0 = Release|Win32
		{FF887FAB-4750-464F-8B4C-35CB5E7E5FB6}.Debug|x64.ActiveCfg = Debug|x64
		{FF887FAB-4750-464F-8B4C-35CB5E7E5FB6}.Debug|x64.Build.0 = Debug|x64
		{FF887FAB-4750-464F-8B4C-35CB5E7E5FB6}.Debug|x86.ActiveCfg = Debug|Win32
		{FF887FAB-4750-464F-8B4C-35CB5E7E5FB6}.Debug|x86.Build.0 = Debug|Win32
		{FF887FAB-4750-464F-8B4C-35CB5E7E5FB6}.Release|x64.ActiveCfg = Release|x64
		{FF887FAB-4750-464F-8B4C-35CB5E7E5FB6}.Release|x64.Build.0 = Release|x64
		{FF887FAB-4750-464F-8B4C-35CB5E7E5FB6}.Release|x86.ActiveCfg = Release|Win32
		{FF887FAB-4750-464F-8B4C-35CB5E7E5FB6}.Release|x86.Build.0 = Release|Win32
		{AFF41928-B0CD-41BB-AC78-728487BEDF10}.Debug|x64.ActiveCfg = Debug|x64
		{AFF41928-B0CD-41BB-AC78-728487BEDF10}.Debug|x64.Build.0 = Debug|x64
		{AFF41928-B0CD-41BB-AC78-728487BEDF10}.Debug|x86.ActiveCfg = Debug|Win32
		{AFF41928-B0CD-41BB-AC78-728487BEDF10}.Debug|x86.Build.0 = Debug|Win32
		{AFF41928-B0CD-41BB-AC78-728487BEDF10}.Release|x64.ActiveCfg = Release|x64
		{AFF41928-B0CD-41BB-AC78-728487BEDF10}.Release|x64.Build.0 = Release|x64
		{AFF41928-B0CD-41BB-AC78-728487BEDF10}.Release|x86.ActiveCfg = Release|Win32
		{AFF41928-B0CD-41BB-AC78-728487BEDF10}.Release|x86.Build.0 = Release|Win32
		{C001E4DB-6898-4F71-8761-7253FF86DF43}.Debug|x64.ActiveCfg = Debug|x64
		{C001E4DB-6898-4F71-8761-7253FF86DF43}.Debug|x64.Build.0 = Debug|x64
		{C001E4DB-6898-4F71-8761-7253FF86DF43}.Debug|x86.ActiveCfg = Debug|Win32
		{C001E4DB-6898-4F71-8761-7253FF86DF43}.Debug|x86.Build.0 = Debug|Win32
		{C001E4DB-6898-4F71-8761-7253FF86DF43}.Release|x64.ActiveCfg = Release|x64
		{C001E4DB-6898-4F71-8761-7253FF86DF43}.Release|x64.Build.0 = Release|x64
		{C001E4DB-6898-4F71-8761-7253FF86DF43}.Release|x86.ActiveCfg = Release|Win32
		{C001E4DB-6898-4F71-8761-7253FF86DF43}.Release|x86.Build.0 = Release|Win32
		{D4E5E08A-CF2C-480A-AEA9-9E07EF6B39FC}.Debug|x64.ActiveCfg = Debug|x64
		{D4E5E08A-CF2C-480A-AEA9-9E07EF6B39FC}.Debug|x64.Build.0 = Debug|x64
		{D4E5E08A-CF2C-480A-AEA9-9E07EF6B39FC}.Debug|x86.ActiveCfg = Debug|Win32
		{D4E5E08A-CF2C-480A-AEA9-9E07EF6B39FC}.Debug|x86.Build.0 = Debug|Win32
		{D4E5E08A-CF2C-480A-AEA9-9E07EF6B39FC}.Release|x64.ActiveCfg = Release|x64
		{D4E5E08A-CF2C-480A-AEA9-9E07EF6B39FC}.Release|x64.Build.0 = Release|x64
		{D4E5E08A-CF2C-480A-AEA9-9E07EF6B39FC}.Release|x86.ActiveCfg = Release|Win32
		{D4E5E08A-CF2C-480A-AEA9-9E07EF6B39FC}.Release|x86.Build.0 = Release|Win32
		{094695D7-5328-45A7-9C68-555C250DCC6C}.Debug|x64.ActiveCfg = Debug|x64
		{094695D7-5328-45A7-9C68-555C250DCC6C}.Debug|x64.Build.0 = Debug|x64
		{094695D7-5328-45A7-9C68-555C250DCC6C}.Debug|x86.ActiveCfg = Debug|Win32
		{094695D7-5328-45A7-9C68-555C250DCC6C}.Debug|x86.Build.0 = Debug|Win32
		{094695D7-5328-45A7-9C68-555C250DCC6C}.Release|x64.ActiveCfg = Release|x64
		{094695D7-5328-45A7-9C68-555C250DCC6C}.Release|x64.Build.0 = Release|x64
		{094695D7-5328-45A7-9C68-555C250DCC6C}.Release|x86.ActiveCfg = Release|Win32
		{094695D7-5328-45A7-9C68-555C250DCC6C}.Release|x86.Build.0 = Release|Win32
		{784F5762-C116-4829-B28D-9F38887E7925}.Debug|x64.ActiveCfg = Debug|x64
		{784F5762-C116-4829-B28D-9F38887E7925}.Debug|x64.Build.0 = Debug|x64
		{784F5762-C116-4829-B28D-9F38887E7925}.Debug|x86.ActiveCfg = Debug|Win32
		{784F5762-C116-4829-B28D-9F38887E7925}.Debug|x86.Build.0 = Debug|Win32
		{784F5762-C116-4829-B28D-9F38887E7925}.Release|x64.ActiveCfg = Release|x64
		{784F5762-C116-4829-B28D-9F38887E7925}.Release|x64.Build.0 = Release|x64
		{784F5762-C116-4829-B28D-9F38887E7925}.Release|x86.ActiveCfg = Release|Win32
		{784F5762-C116-4829-B28D-9F38887E7925}.Release|x86.Build.0 = Release|Win32
		{05A55C53-DF0D-496E-A01E-D6BE3AA03E52}.Debug|x64.ActiveCfg = Debug|x64
		{05A55C53-DF0D-496E-A01E-D6BE3AA03E52}.Debug|x64.Build.0 = Debug|x64
		{05A55C53-DF0D-496E-A01E-D6BE3AA03E52}.Debug|x86.ActiveCfg = Debug|Win32
		{05A55C53-DF0D-496E-A01E-D6BE3AA03E52}.Debug|x86.Build.0 = Debug|Win32
		{05A55C53-DF0D-496E-A01E-D6BE3AA03E52}.Release|x64.ActiveCfg = Release|x64
		{05A55C53-DF0D-496E-A01E-D6BE3AA03E52}.Release|x64.Build.0 = Release|x64
		{05A55C53-DF0D-496E-A01E-D6BE3AA03E52}.Release|x86.ActiveCfg = Release|Win32
		{05A55C53-DF0D-496E-A01E-D6BE3AA03E52}.Release|x86.Build.0 = Release|Win32
	EndGlobalSection
	GlobalSection(SolutionProperties) = preSolution
		HideSolutionNode = FALSE
	EndGlobalSection
	GlobalSection(NestedProjects) = preSolution
		{EAAABF25-B86B-4C21-A3F6-A2A3359F842D} = {DF37F64C-27BD-4F73-B72E-7651484EA3D7}
		{23BF16D4-75FF-4834-B592-D0ED4F3BA78B} = {DF37F64C-27BD-4F73-B72E-7651484EA3D7}
		{382D55D8-9FA1-4BF0-B46D-BEE024D3AB0A} = {EAAABF25-B86B-4C21-A3F6-A2A3359F842D}
		{D3419EE2-8B5D-4AD3-A674-6B77029585B4} = {EAAABF25-B86B-4C21-A3F6-A2A3359F842D}
		{1F64EA26-522B-496D-818D-D0C9F8DBDFB8} = {EAAABF25-B86B-4C21-A3F6-A2A3359F842D}
		{99BB4983-37F1-4E7A-A189-3D7C8C9153A4} = {EAAABF25-B86B-4C21-A3F6-A2A3359F842D}
		{5E01F2F0-31BA-4125-B6AC-37BF57F5D698} = {EAAABF25-B86B-4C21-A3F6-A2A3359F842D}
		{C8344167-88DE-486C-AEED-D753F380FCA0} = {EAAABF25-B86B-4C21-A3F6-A2A3359F842D}
		{5253CF5D-A371-47D5-8FB1-CFB94D4130A9} = {EAAABF25-B86B-4C21-A3F6-A2A3359F842D}
		{A719885B-88DC-4BA2-99B5-997582799959} = {EAAABF25-B86B-4C21-A3F6-A2A3359F842D}
		{ACC053B6-4B02-478E-BC76-056D9E47899B} = {EAAABF25-B86B-4C21-A3F6-A2A3359F842D}
		{1333A444-9881-409D-8634-77A6F016F5C5} = {23BF16D4-75FF-4834-B592-D0ED4F3BA78B}
		{9DA5DE94-0F22-4989-8B10-C3B1D84A33D5} = {23BF16D4-75FF-4834-B592-D0ED4F3BA78B}
		{102452CF-BAF8-4F10-AB8A-DC5A1FD42D9A} = {23BF16D4-75FF-4834-B592-D0ED4F3BA78B}
		{A22CF4AA-1286-4C1B-AB4F-5EC3BE534D18} = {23BF16D4-75FF-4834-B592-D0ED4F3BA78B}
		{F0BAB4C3-6008-441E-AC2E-CAB11BE68BEC} = {23BF16D4-75FF-4834-B592-D0ED4F3BA78B}
		{66BA9DB3-F5D7-4EF1-B228-B791C7C0B66F} = {23BF16D4-75FF-4834-B592-D0ED4F3BA78B}
		{FA1B446C-C2A4-4A72-BA39-17B1EB2C75D0} = {23BF16D4-75FF-4834-B592-D0ED4F3BA78B}
		{7BCCD9E0-BAB0-487E-A2C9-F4E5AD1F7C67} = {23BF16D4-75FF-4834-B592-D0ED4F3BA78B}
		{CE971850-5B61-4E55-B941-9AF383CBA4BD} = {23BF16D4-75FF-4834-B592-D0ED4F3BA78B}
		{C7752E4A-E782-49C5-BB55-0C57C9B4009A} = {23BF16D4-75FF-4834-B592-D0ED4F3BA78B}
		{35C0FCDD-5ACD-4327-A50B-6BEDEE4F77D6} = {23BF16D4-75FF-4834-B592-D0ED4F3BA78B}
		{A60E7E32-0319-4C91-9372-137FE8727662} = {23BF16D4-75FF-4834-B592-D0ED4F3BA78B}
		{CEDBAD84-24EC-4980-91BB-A828FCBC02C5} = {23BF16D4-75FF-4834-B592-D0ED4F3BA78B}
		{FF887FAB-4750-464F-8B4C-35CB5E7E5FB6} = {23BF16D4-75FF-4834-B592-D0ED4F3BA78B}
		{AFF41928-B0CD-41BB-AC78-728487BEDF10} = {23BF16D4-75FF-4834-B592-D0ED4F3BA78B}
		{C001E4DB-6898-4F71-8761-7253FF86DF43} = {23BF16D4-75FF-4834-B592-D0ED4F3BA78B}
		{D4E5E08A-CF2C-480A-AEA9-9E07EF6B39FC} = {23BF16D4-75FF-4834-B592-D0ED4F3BA78B}
		{094695D7-5328-45A7-9C68-555C250DCC6C} = {23BF16D4-75FF-4834-B592-D0ED4F3BA78B}
		{32A9948B-09A2-4DEF-8CF2-D54D4E267AE6} = {DF37F64C-27BD-4F73-B72E-7651484EA3D7}
		{784F5762-C116-4829-B28D-9F38887E7925} = {32A9948B-09A2-4DEF-8CF2-D54D4E267AE6}
		{05A55C53-DF0D-496E-A01E-D6BE3AA03E52} = {32A9948B-09A2-4DEF-8CF2-D54D4E267AE6}
	EndGlobalSection
	GlobalSection(ExtensibilityGlobals) = postSolution
		SolutionGuid = {C8A8F1CB-7E1D-4C00-813F-5E207BF68C9B}
	EndGlobalSection
EndGlobal
